
Microsoft Visual Studio Solution File, Format Version 12.00
# Visual Studio 14
VisualStudioVersion = 14.0.25420.1
MinimumVisualStudioVersion = 10.0.40219.1
Project("{2150E333-8FDC-42A3-9474-1A3956D46DE8}") = "Common Libraries", "Common Libraries", "{1B79341F-1D3C-4EC5-A1F1-336C9A98D9E9}"
EndProject
Project("{2150E333-8FDC-42A3-9474-1A3956D46DE8}") = "Client", "Client", "{1AB816BD-E775-4D17-95ED-BB4CD822FDFF}"
EndProject
Project("{FAE04EC0-301F-11D3-BF4B-00C04F79EFBC}") = "RM.CommonLibrary.EntityFramework", "RM.CommonLibrary.EntityFramework\RM.CommonLibrary.EntityFramework.csproj", "{64E21968-AAA7-47BA-9CCA-1B8727EFA46A}"
EndProject
Project("{2150E333-8FDC-42A3-9474-1A3956D46DE8}") = "Services", "Services", "{52767DB0-04EF-49E5-8B31-7542061B0604}"
EndProject
Project("{2150E333-8FDC-42A3-9474-1A3956D46DE8}") = "Common", "Common", "{1EFA1752-26BD-4661-8E04-2CDAC498FBCC}"
EndProject
Project("{2150E333-8FDC-42A3-9474-1A3956D46DE8}") = "DataManagement", "DataManagement", "{EE42B958-E3A7-4369-9B94-D2AD32DB37A3}"
EndProject
Project("{2150E333-8FDC-42A3-9474-1A3956D46DE8}") = "Operational", "Operational", "{33A1799B-9991-4022-99BF-963B64303B25}"
EndProject
Project("{2150E333-8FDC-42A3-9474-1A3956D46DE8}") = "Integration", "Integration", "{9CE70734-9EB2-45AE-A544-C14149BC204F}"
EndProject
Project("{2150E333-8FDC-42A3-9474-1A3956D46DE8}") = "Unit Tests", "Unit Tests", "{0B851597-2576-4E2B-A8C6-9D5572A38F61}"
EndProject
Project("{8BB2217D-0F2D-49D1-97BC-3654ED321F3B}") = "RM.Common.ActionManager.WebAPI", "RM.Common.ActionManager.WebAPI\RM.Common.ActionManager.WebAPI.xproj", "{1FFD1E6D-A737-4118-ABA7-ED4BB4258242}"
EndProject
Project("{8BB2217D-0F2D-49D1-97BC-3654ED321F3B}") = "RM.Data.PostalAddress.WebAPI", "RM.Data.PostalAddress.WebAPI\RM.Data.PostalAddress.WebAPI.xproj", "{1691C927-CC37-41CC-8267-5F781CA6088D}"
EndProject
Project("{8BB2217D-0F2D-49D1-97BC-3654ED321F3B}") = "RM.Data.ThirdPartyAddressLocation.WebAPI", "RM.Data.ThirdPartyAddressLocation.WebAPI\RM.Data.ThirdPartyAddressLocation.WebAPI.xproj", "{0F1C7A4C-92B1-4BCD-907E-5DC90FC6D236}"
EndProject
Project("{8BB2217D-0F2D-49D1-97BC-3654ED321F3B}") = "RM.Data.DeliveryRoute.WebAPI", "RM.Data.DeliveryRoute.WebAPI\RM.Data.DeliveryRoute.WebAPI.xproj", "{92F05AAD-7A49-4300-AC71-0F2D1BE20C37}"
EndProject
Project("{8BB2217D-0F2D-49D1-97BC-3654ED321F3B}") = "RM.Data.DeliveryPoint.WebAPI", "RM.Data.DeliveryPoint.WebAPI\RM.Data.DeliveryPoint.WebAPI.xproj", "{5170106F-2709-4F72-8D99-9A082C250687}"
EndProject
Project("{8BB2217D-0F2D-49D1-97BC-3654ED321F3B}") = "RM.Data.AccessLink.WebAPI", "RM.Data.AccessLink.WebAPI\RM.Data.AccessLink.WebAPI.xproj", "{65DC204F-A7EF-450E-9F5C-81AC78008748}"
EndProject
Project("{8BB2217D-0F2D-49D1-97BC-3654ED321F3B}") = "RM.Data.SpecialInstruction.WebAPI", "RM.Data.SpecialInstruction.WebAPI\RM.Data.SpecialInstruction.WebAPI.xproj", "{3268BCD4-2456-4770-B077-48C212DD86C9}"
EndProject
Project("{8BB2217D-0F2D-49D1-97BC-3654ED321F3B}") = "RM.Data.UnitManager.WebAPI", "RM.Data.UnitManager.WebAPI\RM.Data.UnitManager.WebAPI.xproj", "{9F475909-1EE4-41AE-A128-2FBB4ACF0EF3}"
EndProject
Project("{8BB2217D-0F2D-49D1-97BC-3654ED321F3B}") = "RM.Data.NetworkManager.WebAPI", "RM.Data.NetworkManager.WebAPI\RM.Data.NetworkManager.WebAPI.xproj", "{194F4817-2096-41D0-8486-19925DA8F22A}"
EndProject
Project("{8BB2217D-0F2D-49D1-97BC-3654ED321F3B}") = "RM.Operational.RouteLog.WebAPI", "RM.Operational.RouteLog.WebAPI\RM.Operational.RouteLog.WebAPI.xproj", "{0475AACF-BB58-41A0-A539-80DE7F2A83C4}"
EndProject
Project("{8BB2217D-0F2D-49D1-97BC-3654ED321F3B}") = "RM.Operational.PDFGenerator.WebAPI", "RM.Operational.PDFGenerator.WebAPI\RM.Operational.PDFGenerator.WebAPI.xproj", "{3E8A0B6B-2DF6-4995-9476-32AB804301EF}"
EndProject
Project("{8BB2217D-0F2D-49D1-97BC-3654ED321F3B}") = "RM.Operational.SearchManager.WebAPI", "RM.Operational.SearchManager.WebAPI\RM.Operational.SearchManager.WebAPI.xproj", "{D4DEBC6C-C0C0-45F5-A761-B694636C5A16}"
EndProject
Project("{8BB2217D-0F2D-49D1-97BC-3654ED321F3B}") = "RM.Common.ReferenceData.WebAPI", "RM.Common.ReferenceDataService.WebAPI\RM.Common.ReferenceData.WebAPI.xproj", "{15B612EC-12ED-4139-ACD2-13778CDAE57E}"
EndProject
Project("{FAE04EC0-301F-11D3-BF4B-00C04F79EFBC}") = "RM.CommonLibrary", "RM.CommonLibrary\RM.CommonLibrary.csproj", "{9BC1E5CC-3647-46B6-9A1D-EEE3199A66E9}"
EndProject
Project("{FAE04EC0-301F-11D3-BF4B-00C04F79EFBC}") = "RM.Integration.ThirdPartyAddressLocation.Loader", "RM.Integration.ThirdPartyAddressLocation.Loader\RM.Integration.ThirdPartyAddressLocation.Loader.csproj", "{39F51320-402B-428D-9657-397796780EE5}"
EndProject
Project("{FAE04EC0-301F-11D3-BF4B-00C04F79EFBC}") = "RM.Integration.PostalAddress.PAFLoader", "RM.Integration.PostalAddress.PAFLoader\RM.Integration.PostalAddress.PAFLoader.csproj", "{A91EB240-FF6A-4DFF-87E1-C2B830212C74}"
EndProject
Project("{FAE04EC0-301F-11D3-BF4B-00C04F79EFBC}") = "RM.Data.PostalAddress.PAFReceiver", "RM.Data.PostalAddress.PAFReceiver\RM.Data.PostalAddress.PAFReceiver.csproj", "{35C95A09-A0E0-4533-86C5-538EC3C11B75}"
EndProject
Project("{FAE04EC0-301F-11D3-BF4B-00C04F79EFBC}") = "RM.Data.ThirdPartyAddressLocation.Receiver", "RM.Data.ThirdPartyAddressLocation.Receiver\RM.Data.ThirdPartyAddressLocation.Receiver.csproj", "{56B6EFD7-1DD8-4A4A-86FD-F1B7084B5859}"
EndProject
Project("{FAE04EC0-301F-11D3-BF4B-00C04F79EFBC}") = "RM.Integration.PostalAddress.NYBLoader", "RM.Integration.PostalAddress.NYBLoader\RM.Integration.PostalAddress.NYBLoader.csproj", "{899723CB-0C54-4D8A-8F2C-966D28D511C6}"
EndProject
Project("{8BB2217D-0F2D-49D1-97BC-3654ED321F3B}") = "RM.Client", "RM.Client\RM.Client.xproj", "{372BA429-573E-408B-9B53-71F1B54B500B}"
EndProject
Project("{8BB2217D-0F2D-49D1-97BC-3654ED321F3B}") = "RM.Common.Notification.WebAPI", "RM.Common.Notification.WebAPI\RM.Common.Notification.WebAPI.xproj", "{4408B4C4-FD70-40D6-AF12-52168CF82B24}"
EndProject
Project("{2150E333-8FDC-42A3-9474-1A3956D46DE8}") = "Solution Items", "Solution Items", "{0E6A5C15-FF67-459C-811C-106950FAB265}"
	ProjectSection(SolutionItems) = preProject
		RMCodeAnalysisDictionary.xml = RMCodeAnalysisDictionary.xml
	EndProjectSection
EndProject
Project("{2150E333-8FDC-42A3-9474-1A3956D46DE8}") = "Common", "Common", "{ADE174B3-D9C4-4527-ACAC-73209A11D5E0}"
EndProject
Project("{2150E333-8FDC-42A3-9474-1A3956D46DE8}") = "DataManagement", "DataManagement", "{FD1F7F70-E72E-45E5-B8C2-CD9486835A88}"
EndProject
Project("{2150E333-8FDC-42A3-9474-1A3956D46DE8}") = "Integration", "Integration", "{A7FB5D52-56B1-46C5-8257-4A4CE61F2DDB}"
EndProject
Project("{2150E333-8FDC-42A3-9474-1A3956D46DE8}") = "Operational", "Operational", "{C325CF4E-72F6-433B-8DBB-431DF3EA4B78}"
EndProject
Project("{FAE04EC0-301F-11D3-BF4B-00C04F79EFBC}") = "RM.Data.PostalAddress.PAFReceiver.Test", "RM.Data.PostalAddress.PAFReceiver.Tests\RM.Data.PostalAddress.PAFReceiver.Test.csproj", "{5A321381-77D2-4053-9AAD-8621AE11B645}"
EndProject
Project("{FAE04EC0-301F-11D3-BF4B-00C04F79EFBC}") = "RM.Data.SpecialInstruction.WebAPI.Test", "RM.Data.SpecialInstruction.WebAPI.Tests\RM.Data.SpecialInstruction.WebAPI.Test.csproj", "{8912246C-F2E7-42AB-AB11-1E194EE5F45D}"
EndProject
Project("{FAE04EC0-301F-11D3-BF4B-00C04F79EFBC}") = "RM.Data.ThirdPartyAddressLocation.Receiver.Test", "RM.Data.ThirdPartyAddressLocation.Receiver.Tests\RM.Data.ThirdPartyAddressLocation.Receiver.Test.csproj", "{EB876453-93E6-49BE-818B-C92227EC80BE}"
EndProject
Project("{FAE04EC0-301F-11D3-BF4B-00C04F79EFBC}") = "RM.Integration.PostalAddress.NYBLoader.Test", "RM.Integration.PostalAddress.NYBLoader.Tests\RM.Integration.PostalAddress.NYBLoader.Test.csproj", "{5805D648-2088-45AD-83DC-FBFABA0032D3}"
EndProject
Project("{FAE04EC0-301F-11D3-BF4B-00C04F79EFBC}") = "RM.Integration.PostalAddress.PAFLoader.Test", "RM.Integration.PostalAddress.PAFLoader.Tests\RM.Integration.PostalAddress.PAFLoader.Test.csproj", "{CCDD86CA-8D75-45AE-9DE0-9085ADA312C6}"
EndProject
Project("{FAE04EC0-301F-11D3-BF4B-00C04F79EFBC}") = "RM.Integration.ThirdPartyAddressLocation.Loader.Test", "RM.Integration.ThirdPartyAddressLocation.Loader.Tests\RM.Integration.ThirdPartyAddressLocation.Loader.Test.csproj", "{4E5847AA-6DD6-4C88-B7F7-EA0CA10BF584}"
EndProject
Project("{8BB2217D-0F2D-49D1-97BC-3654ED321F3B}") = "RM.Data.DeliveryPoint.WebAPI.Test", "RM.Data.DeliveryPoint.WebAPI.Test\RM.Data.DeliveryPoint.WebAPI.Test.xproj", "{28F840A0-E586-4EDB-B9CD-3DF159EA2434}"
EndProject
Project("{8BB2217D-0F2D-49D1-97BC-3654ED321F3B}") = "RM.Data.DeliveryRoute.WebAPI.Test", "RM.Data.DeliveryRoute.WebAPI.Test\RM.Data.DeliveryRoute.WebAPI.Test.xproj", "{B69845F6-E050-4D90-9C0B-0603D57E3D91}"
EndProject
Project("{8BB2217D-0F2D-49D1-97BC-3654ED321F3B}") = "RM.Data.UnitManager.WebAPI.Test", "RM.Data.UnitManager.WebAPI.Test\RM.Data.UnitManager.WebAPI.Test.xproj", "{5005D994-9FEE-4E86-9D69-E4E9B7C5EDC3}"
EndProject
Project("{8BB2217D-0F2D-49D1-97BC-3654ED321F3B}") = "RM.Operational.RouteLog.WebAPI.Test", "RM.Operational.RouteLog.WebAPI.Test\RM.Operational.RouteLog.WebAPI.Test.xproj", "{4EBE87FC-352A-475E-AD3C-B0109DBF3B99}"
EndProject
Project("{2150E333-8FDC-42A3-9474-1A3956D46DE8}") = "DataService", "DataService", "{384EAA94-89D0-4834-9AAC-F145E5228A54}"
EndProject
Project("{FAE04EC0-301F-11D3-BF4B-00C04F79EFBC}") = "RM.DataServices.Tests", "RM.DataServices.Tests\RM.DataServices.Tests.csproj", "{666DA567-17FA-4AEE-B492-AF334DB7FF8F}"
EndProject
Project("{8BB2217D-0F2D-49D1-97BC-3654ED321F3B}") = "RM.Data.PostalAddress.WebAPI.Test", "RM.Data.PostalAddress.WebAPI.Test\RM.Data.PostalAddress.WebAPI.Test.xproj", "{91B45DDC-AAB3-46F7-A4DA-782C9DB3A662}"
EndProject
Project("{8BB2217D-0F2D-49D1-97BC-3654ED321F3B}") = "RM.Data.ThirdPartyAddressLocation.WebAPI.Test", "RM.Data.ThirdPartyAddressLocation.WebAPI.Test\RM.Data.ThirdPartyAddressLocation.WebAPI.Test.xproj", "{E2E6DBFD-CD7A-433F-A8CA-25EEC71731A9}"
EndProject
Project("{8BB2217D-0F2D-49D1-97BC-3654ED321F3B}") = "RM.Operational.SearchManager.WebAPI.Test", "RM.Operational.SearchManager.WebAPI.Test\RM.Operational.SearchManager.WebAPI.Test.xproj", "{0EA21686-BB51-4259-8CD3-42873D185058}"
EndProject
Project("{8BB2217D-0F2D-49D1-97BC-3654ED321F3B}") = "RM.Data.NetworkManager.WebAPI.Test", "RM.Data.NetworkManager.WebAPI.Test\RM.Data.NetworkManager.WebAPI.Test.xproj", "{E583F167-9B02-4388-87D2-682F47829542}"
EndProject
Project("{8BB2217D-0F2D-49D1-97BC-3654ED321F3B}") = "RM.Data.AccessLink.WebAPI.Test", "RM.Data.AccessLink.WebAPI.Test\RM.Data.AccessLink.WebAPI.Test.xproj", "{EE57C445-0CB0-4DBD-B6D3-7464D1CDD0C5}"
EndProject
Project("{8BB2217D-0F2D-49D1-97BC-3654ED321F3B}") = "RM.Operational.PDFGenerator.WebAPI.Test", "RM.Operational.PDFGenerator.WebAPI.Test\RM.Operational.PDFGenerator.WebAPI.Test.xproj", "{7F3FC4A8-FC18-4BAD-82E0-59970AFCCCC3}"
EndProject
Project("{8BB2217D-0F2D-49D1-97BC-3654ED321F3B}") = "RM.Common.Notification.WebAPI.Test", "RM.Common.Notification.WebAPI.Test\RM.Common.Notification.WebAPI.Test.xproj", "{9E24744C-5946-4AFE-8DDB-8E576FE344CA}"
EndProject
Project("{8BB2217D-0F2D-49D1-97BC-3654ED321F3B}") = "RM.Common.ReferenceData.WebAPI.Test", "RM.Common.ReferenceData.WebAPI.Test\RM.Common.ReferenceData.WebAPI.Test.xproj", "{170B8EFD-52AF-43E6-A79C-63FCCC5A42C8}"
EndProject
Global
	GlobalSection(SolutionConfigurationPlatforms) = preSolution
		Debug|Any CPU = Debug|Any CPU
		DEV|Any CPU = DEV|Any CPU
		PROD|Any CPU = PROD|Any CPU
		QA|Any CPU = QA|Any CPU
		Release|Any CPU = Release|Any CPU
	EndGlobalSection
	GlobalSection(ProjectConfigurationPlatforms) = postSolution
		{64E21968-AAA7-47BA-9CCA-1B8727EFA46A}.Debug|Any CPU.ActiveCfg = Debug|Any CPU
		{64E21968-AAA7-47BA-9CCA-1B8727EFA46A}.Debug|Any CPU.Build.0 = Debug|Any CPU
		{64E21968-AAA7-47BA-9CCA-1B8727EFA46A}.DEV|Any CPU.ActiveCfg = Debug|Any CPU
		{64E21968-AAA7-47BA-9CCA-1B8727EFA46A}.DEV|Any CPU.Build.0 = Debug|Any CPU
		{64E21968-AAA7-47BA-9CCA-1B8727EFA46A}.PROD|Any CPU.ActiveCfg = Release|Any CPU
		{64E21968-AAA7-47BA-9CCA-1B8727EFA46A}.PROD|Any CPU.Build.0 = Release|Any CPU
		{64E21968-AAA7-47BA-9CCA-1B8727EFA46A}.QA|Any CPU.ActiveCfg = Release|Any CPU
		{64E21968-AAA7-47BA-9CCA-1B8727EFA46A}.QA|Any CPU.Build.0 = Release|Any CPU
		{64E21968-AAA7-47BA-9CCA-1B8727EFA46A}.Release|Any CPU.ActiveCfg = Release|Any CPU
		{64E21968-AAA7-47BA-9CCA-1B8727EFA46A}.Release|Any CPU.Build.0 = Release|Any CPU
		{1FFD1E6D-A737-4118-ABA7-ED4BB4258242}.Debug|Any CPU.ActiveCfg = Debug|Any CPU
		{1FFD1E6D-A737-4118-ABA7-ED4BB4258242}.Debug|Any CPU.Build.0 = Debug|Any CPU
		{1FFD1E6D-A737-4118-ABA7-ED4BB4258242}.DEV|Any CPU.ActiveCfg = Debug|Any CPU
		{1FFD1E6D-A737-4118-ABA7-ED4BB4258242}.DEV|Any CPU.Build.0 = Debug|Any CPU
		{1FFD1E6D-A737-4118-ABA7-ED4BB4258242}.PROD|Any CPU.ActiveCfg = Release|Any CPU
		{1FFD1E6D-A737-4118-ABA7-ED4BB4258242}.PROD|Any CPU.Build.0 = Release|Any CPU
		{1FFD1E6D-A737-4118-ABA7-ED4BB4258242}.QA|Any CPU.ActiveCfg = Release|Any CPU
		{1FFD1E6D-A737-4118-ABA7-ED4BB4258242}.QA|Any CPU.Build.0 = Release|Any CPU
		{1FFD1E6D-A737-4118-ABA7-ED4BB4258242}.Release|Any CPU.ActiveCfg = Release|Any CPU
		{1FFD1E6D-A737-4118-ABA7-ED4BB4258242}.Release|Any CPU.Build.0 = Release|Any CPU
		{1691C927-CC37-41CC-8267-5F781CA6088D}.Debug|Any CPU.ActiveCfg = Debug|Any CPU
		{1691C927-CC37-41CC-8267-5F781CA6088D}.Debug|Any CPU.Build.0 = Debug|Any CPU
		{1691C927-CC37-41CC-8267-5F781CA6088D}.DEV|Any CPU.ActiveCfg = Debug|Any CPU
		{1691C927-CC37-41CC-8267-5F781CA6088D}.DEV|Any CPU.Build.0 = Debug|Any CPU
		{1691C927-CC37-41CC-8267-5F781CA6088D}.PROD|Any CPU.ActiveCfg = Release|Any CPU
		{1691C927-CC37-41CC-8267-5F781CA6088D}.PROD|Any CPU.Build.0 = Release|Any CPU
		{1691C927-CC37-41CC-8267-5F781CA6088D}.QA|Any CPU.ActiveCfg = Release|Any CPU
		{1691C927-CC37-41CC-8267-5F781CA6088D}.QA|Any CPU.Build.0 = Release|Any CPU
		{1691C927-CC37-41CC-8267-5F781CA6088D}.Release|Any CPU.ActiveCfg = Release|Any CPU
		{1691C927-CC37-41CC-8267-5F781CA6088D}.Release|Any CPU.Build.0 = Release|Any CPU
		{0F1C7A4C-92B1-4BCD-907E-5DC90FC6D236}.Debug|Any CPU.ActiveCfg = Debug|Any CPU
		{0F1C7A4C-92B1-4BCD-907E-5DC90FC6D236}.Debug|Any CPU.Build.0 = Debug|Any CPU
		{0F1C7A4C-92B1-4BCD-907E-5DC90FC6D236}.DEV|Any CPU.ActiveCfg = Debug|Any CPU
		{0F1C7A4C-92B1-4BCD-907E-5DC90FC6D236}.DEV|Any CPU.Build.0 = Debug|Any CPU
		{0F1C7A4C-92B1-4BCD-907E-5DC90FC6D236}.PROD|Any CPU.ActiveCfg = Release|Any CPU
		{0F1C7A4C-92B1-4BCD-907E-5DC90FC6D236}.PROD|Any CPU.Build.0 = Release|Any CPU
		{0F1C7A4C-92B1-4BCD-907E-5DC90FC6D236}.QA|Any CPU.ActiveCfg = Release|Any CPU
		{0F1C7A4C-92B1-4BCD-907E-5DC90FC6D236}.QA|Any CPU.Build.0 = Release|Any CPU
		{0F1C7A4C-92B1-4BCD-907E-5DC90FC6D236}.Release|Any CPU.ActiveCfg = Release|Any CPU
		{0F1C7A4C-92B1-4BCD-907E-5DC90FC6D236}.Release|Any CPU.Build.0 = Release|Any CPU
		{92F05AAD-7A49-4300-AC71-0F2D1BE20C37}.Debug|Any CPU.ActiveCfg = Debug|Any CPU
		{92F05AAD-7A49-4300-AC71-0F2D1BE20C37}.Debug|Any CPU.Build.0 = Debug|Any CPU
		{92F05AAD-7A49-4300-AC71-0F2D1BE20C37}.DEV|Any CPU.ActiveCfg = Debug|Any CPU
		{92F05AAD-7A49-4300-AC71-0F2D1BE20C37}.DEV|Any CPU.Build.0 = Debug|Any CPU
		{92F05AAD-7A49-4300-AC71-0F2D1BE20C37}.PROD|Any CPU.ActiveCfg = Release|Any CPU
		{92F05AAD-7A49-4300-AC71-0F2D1BE20C37}.PROD|Any CPU.Build.0 = Release|Any CPU
		{92F05AAD-7A49-4300-AC71-0F2D1BE20C37}.QA|Any CPU.ActiveCfg = Release|Any CPU
		{92F05AAD-7A49-4300-AC71-0F2D1BE20C37}.QA|Any CPU.Build.0 = Release|Any CPU
		{92F05AAD-7A49-4300-AC71-0F2D1BE20C37}.Release|Any CPU.ActiveCfg = Release|Any CPU
		{92F05AAD-7A49-4300-AC71-0F2D1BE20C37}.Release|Any CPU.Build.0 = Release|Any CPU
		{5170106F-2709-4F72-8D99-9A082C250687}.Debug|Any CPU.ActiveCfg = Debug|Any CPU
		{5170106F-2709-4F72-8D99-9A082C250687}.Debug|Any CPU.Build.0 = Debug|Any CPU
		{5170106F-2709-4F72-8D99-9A082C250687}.DEV|Any CPU.ActiveCfg = Debug|Any CPU
		{5170106F-2709-4F72-8D99-9A082C250687}.DEV|Any CPU.Build.0 = Debug|Any CPU
		{5170106F-2709-4F72-8D99-9A082C250687}.PROD|Any CPU.ActiveCfg = Release|Any CPU
		{5170106F-2709-4F72-8D99-9A082C250687}.PROD|Any CPU.Build.0 = Release|Any CPU
		{5170106F-2709-4F72-8D99-9A082C250687}.QA|Any CPU.ActiveCfg = Release|Any CPU
		{5170106F-2709-4F72-8D99-9A082C250687}.QA|Any CPU.Build.0 = Release|Any CPU
		{5170106F-2709-4F72-8D99-9A082C250687}.Release|Any CPU.ActiveCfg = Release|Any CPU
		{5170106F-2709-4F72-8D99-9A082C250687}.Release|Any CPU.Build.0 = Release|Any CPU
		{65DC204F-A7EF-450E-9F5C-81AC78008748}.Debug|Any CPU.ActiveCfg = Debug|Any CPU
		{65DC204F-A7EF-450E-9F5C-81AC78008748}.Debug|Any CPU.Build.0 = Debug|Any CPU
		{65DC204F-A7EF-450E-9F5C-81AC78008748}.DEV|Any CPU.ActiveCfg = Debug|Any CPU
		{65DC204F-A7EF-450E-9F5C-81AC78008748}.DEV|Any CPU.Build.0 = Debug|Any CPU
		{65DC204F-A7EF-450E-9F5C-81AC78008748}.PROD|Any CPU.ActiveCfg = Release|Any CPU
		{65DC204F-A7EF-450E-9F5C-81AC78008748}.PROD|Any CPU.Build.0 = Release|Any CPU
		{65DC204F-A7EF-450E-9F5C-81AC78008748}.QA|Any CPU.ActiveCfg = Release|Any CPU
		{65DC204F-A7EF-450E-9F5C-81AC78008748}.QA|Any CPU.Build.0 = Release|Any CPU
		{65DC204F-A7EF-450E-9F5C-81AC78008748}.Release|Any CPU.ActiveCfg = Release|Any CPU
		{65DC204F-A7EF-450E-9F5C-81AC78008748}.Release|Any CPU.Build.0 = Release|Any CPU
		{3268BCD4-2456-4770-B077-48C212DD86C9}.Debug|Any CPU.ActiveCfg = Debug|Any CPU
		{3268BCD4-2456-4770-B077-48C212DD86C9}.Debug|Any CPU.Build.0 = Debug|Any CPU
		{3268BCD4-2456-4770-B077-48C212DD86C9}.DEV|Any CPU.ActiveCfg = Debug|Any CPU
		{3268BCD4-2456-4770-B077-48C212DD86C9}.DEV|Any CPU.Build.0 = Debug|Any CPU
		{3268BCD4-2456-4770-B077-48C212DD86C9}.PROD|Any CPU.ActiveCfg = Release|Any CPU
		{3268BCD4-2456-4770-B077-48C212DD86C9}.PROD|Any CPU.Build.0 = Release|Any CPU
		{3268BCD4-2456-4770-B077-48C212DD86C9}.QA|Any CPU.ActiveCfg = Release|Any CPU
		{3268BCD4-2456-4770-B077-48C212DD86C9}.QA|Any CPU.Build.0 = Release|Any CPU
		{3268BCD4-2456-4770-B077-48C212DD86C9}.Release|Any CPU.ActiveCfg = Release|Any CPU
		{3268BCD4-2456-4770-B077-48C212DD86C9}.Release|Any CPU.Build.0 = Release|Any CPU
		{9F475909-1EE4-41AE-A128-2FBB4ACF0EF3}.Debug|Any CPU.ActiveCfg = Debug|Any CPU
		{9F475909-1EE4-41AE-A128-2FBB4ACF0EF3}.Debug|Any CPU.Build.0 = Debug|Any CPU
		{9F475909-1EE4-41AE-A128-2FBB4ACF0EF3}.DEV|Any CPU.ActiveCfg = Debug|Any CPU
		{9F475909-1EE4-41AE-A128-2FBB4ACF0EF3}.DEV|Any CPU.Build.0 = Debug|Any CPU
		{9F475909-1EE4-41AE-A128-2FBB4ACF0EF3}.PROD|Any CPU.ActiveCfg = Release|Any CPU
		{9F475909-1EE4-41AE-A128-2FBB4ACF0EF3}.PROD|Any CPU.Build.0 = Release|Any CPU
		{9F475909-1EE4-41AE-A128-2FBB4ACF0EF3}.QA|Any CPU.ActiveCfg = Release|Any CPU
		{9F475909-1EE4-41AE-A128-2FBB4ACF0EF3}.QA|Any CPU.Build.0 = Release|Any CPU
		{9F475909-1EE4-41AE-A128-2FBB4ACF0EF3}.Release|Any CPU.ActiveCfg = Release|Any CPU
		{9F475909-1EE4-41AE-A128-2FBB4ACF0EF3}.Release|Any CPU.Build.0 = Release|Any CPU
		{194F4817-2096-41D0-8486-19925DA8F22A}.Debug|Any CPU.ActiveCfg = Debug|Any CPU
		{194F4817-2096-41D0-8486-19925DA8F22A}.Debug|Any CPU.Build.0 = Debug|Any CPU
		{194F4817-2096-41D0-8486-19925DA8F22A}.DEV|Any CPU.ActiveCfg = Debug|Any CPU
		{194F4817-2096-41D0-8486-19925DA8F22A}.DEV|Any CPU.Build.0 = Debug|Any CPU
		{194F4817-2096-41D0-8486-19925DA8F22A}.PROD|Any CPU.ActiveCfg = Release|Any CPU
		{194F4817-2096-41D0-8486-19925DA8F22A}.PROD|Any CPU.Build.0 = Release|Any CPU
		{194F4817-2096-41D0-8486-19925DA8F22A}.QA|Any CPU.ActiveCfg = Release|Any CPU
		{194F4817-2096-41D0-8486-19925DA8F22A}.QA|Any CPU.Build.0 = Release|Any CPU
		{194F4817-2096-41D0-8486-19925DA8F22A}.Release|Any CPU.ActiveCfg = Release|Any CPU
		{194F4817-2096-41D0-8486-19925DA8F22A}.Release|Any CPU.Build.0 = Release|Any CPU
		{0475AACF-BB58-41A0-A539-80DE7F2A83C4}.Debug|Any CPU.ActiveCfg = Debug|Any CPU
		{0475AACF-BB58-41A0-A539-80DE7F2A83C4}.Debug|Any CPU.Build.0 = Debug|Any CPU
		{0475AACF-BB58-41A0-A539-80DE7F2A83C4}.DEV|Any CPU.ActiveCfg = Debug|Any CPU
		{0475AACF-BB58-41A0-A539-80DE7F2A83C4}.DEV|Any CPU.Build.0 = Debug|Any CPU
		{0475AACF-BB58-41A0-A539-80DE7F2A83C4}.PROD|Any CPU.ActiveCfg = Release|Any CPU
		{0475AACF-BB58-41A0-A539-80DE7F2A83C4}.PROD|Any CPU.Build.0 = Release|Any CPU
		{0475AACF-BB58-41A0-A539-80DE7F2A83C4}.QA|Any CPU.ActiveCfg = Release|Any CPU
		{0475AACF-BB58-41A0-A539-80DE7F2A83C4}.QA|Any CPU.Build.0 = Release|Any CPU
		{0475AACF-BB58-41A0-A539-80DE7F2A83C4}.Release|Any CPU.ActiveCfg = Release|Any CPU
		{0475AACF-BB58-41A0-A539-80DE7F2A83C4}.Release|Any CPU.Build.0 = Release|Any CPU
		{3E8A0B6B-2DF6-4995-9476-32AB804301EF}.Debug|Any CPU.ActiveCfg = Debug|Any CPU
		{3E8A0B6B-2DF6-4995-9476-32AB804301EF}.Debug|Any CPU.Build.0 = Debug|Any CPU
		{3E8A0B6B-2DF6-4995-9476-32AB804301EF}.DEV|Any CPU.ActiveCfg = Debug|Any CPU
		{3E8A0B6B-2DF6-4995-9476-32AB804301EF}.DEV|Any CPU.Build.0 = Debug|Any CPU
		{3E8A0B6B-2DF6-4995-9476-32AB804301EF}.PROD|Any CPU.ActiveCfg = Release|Any CPU
		{3E8A0B6B-2DF6-4995-9476-32AB804301EF}.PROD|Any CPU.Build.0 = Release|Any CPU
		{3E8A0B6B-2DF6-4995-9476-32AB804301EF}.QA|Any CPU.ActiveCfg = Release|Any CPU
		{3E8A0B6B-2DF6-4995-9476-32AB804301EF}.QA|Any CPU.Build.0 = Release|Any CPU
		{3E8A0B6B-2DF6-4995-9476-32AB804301EF}.Release|Any CPU.ActiveCfg = Release|Any CPU
		{3E8A0B6B-2DF6-4995-9476-32AB804301EF}.Release|Any CPU.Build.0 = Release|Any CPU
		{D4DEBC6C-C0C0-45F5-A761-B694636C5A16}.Debug|Any CPU.ActiveCfg = Debug|Any CPU
		{D4DEBC6C-C0C0-45F5-A761-B694636C5A16}.Debug|Any CPU.Build.0 = Debug|Any CPU
		{D4DEBC6C-C0C0-45F5-A761-B694636C5A16}.DEV|Any CPU.ActiveCfg = Debug|Any CPU
		{D4DEBC6C-C0C0-45F5-A761-B694636C5A16}.DEV|Any CPU.Build.0 = Debug|Any CPU
		{D4DEBC6C-C0C0-45F5-A761-B694636C5A16}.PROD|Any CPU.ActiveCfg = Release|Any CPU
		{D4DEBC6C-C0C0-45F5-A761-B694636C5A16}.PROD|Any CPU.Build.0 = Release|Any CPU
		{D4DEBC6C-C0C0-45F5-A761-B694636C5A16}.QA|Any CPU.ActiveCfg = Release|Any CPU
		{D4DEBC6C-C0C0-45F5-A761-B694636C5A16}.QA|Any CPU.Build.0 = Release|Any CPU
		{D4DEBC6C-C0C0-45F5-A761-B694636C5A16}.Release|Any CPU.ActiveCfg = Release|Any CPU
		{D4DEBC6C-C0C0-45F5-A761-B694636C5A16}.Release|Any CPU.Build.0 = Release|Any CPU
		{15B612EC-12ED-4139-ACD2-13778CDAE57E}.Debug|Any CPU.ActiveCfg = Debug|Any CPU
		{15B612EC-12ED-4139-ACD2-13778CDAE57E}.Debug|Any CPU.Build.0 = Debug|Any CPU
		{15B612EC-12ED-4139-ACD2-13778CDAE57E}.DEV|Any CPU.ActiveCfg = Debug|Any CPU
		{15B612EC-12ED-4139-ACD2-13778CDAE57E}.DEV|Any CPU.Build.0 = Debug|Any CPU
		{15B612EC-12ED-4139-ACD2-13778CDAE57E}.PROD|Any CPU.ActiveCfg = Release|Any CPU
		{15B612EC-12ED-4139-ACD2-13778CDAE57E}.PROD|Any CPU.Build.0 = Release|Any CPU
		{15B612EC-12ED-4139-ACD2-13778CDAE57E}.QA|Any CPU.ActiveCfg = Release|Any CPU
		{15B612EC-12ED-4139-ACD2-13778CDAE57E}.QA|Any CPU.Build.0 = Release|Any CPU
		{15B612EC-12ED-4139-ACD2-13778CDAE57E}.Release|Any CPU.ActiveCfg = Release|Any CPU
		{15B612EC-12ED-4139-ACD2-13778CDAE57E}.Release|Any CPU.Build.0 = Release|Any CPU
		{9BC1E5CC-3647-46B6-9A1D-EEE3199A66E9}.Debug|Any CPU.ActiveCfg = Debug|Any CPU
		{9BC1E5CC-3647-46B6-9A1D-EEE3199A66E9}.Debug|Any CPU.Build.0 = Debug|Any CPU
		{9BC1E5CC-3647-46B6-9A1D-EEE3199A66E9}.DEV|Any CPU.ActiveCfg = Debug|Any CPU
		{9BC1E5CC-3647-46B6-9A1D-EEE3199A66E9}.DEV|Any CPU.Build.0 = Debug|Any CPU
		{9BC1E5CC-3647-46B6-9A1D-EEE3199A66E9}.PROD|Any CPU.ActiveCfg = Release|Any CPU
		{9BC1E5CC-3647-46B6-9A1D-EEE3199A66E9}.PROD|Any CPU.Build.0 = Release|Any CPU
		{9BC1E5CC-3647-46B6-9A1D-EEE3199A66E9}.QA|Any CPU.ActiveCfg = Release|Any CPU
		{9BC1E5CC-3647-46B6-9A1D-EEE3199A66E9}.QA|Any CPU.Build.0 = Release|Any CPU
		{9BC1E5CC-3647-46B6-9A1D-EEE3199A66E9}.Release|Any CPU.ActiveCfg = Release|Any CPU
		{9BC1E5CC-3647-46B6-9A1D-EEE3199A66E9}.Release|Any CPU.Build.0 = Release|Any CPU
		{39F51320-402B-428D-9657-397796780EE5}.Debug|Any CPU.ActiveCfg = Debug|Any CPU
		{39F51320-402B-428D-9657-397796780EE5}.Debug|Any CPU.Build.0 = Debug|Any CPU
		{39F51320-402B-428D-9657-397796780EE5}.DEV|Any CPU.ActiveCfg = Debug|Any CPU
		{39F51320-402B-428D-9657-397796780EE5}.DEV|Any CPU.Build.0 = Debug|Any CPU
		{39F51320-402B-428D-9657-397796780EE5}.PROD|Any CPU.ActiveCfg = Release|Any CPU
		{39F51320-402B-428D-9657-397796780EE5}.PROD|Any CPU.Build.0 = Release|Any CPU
		{39F51320-402B-428D-9657-397796780EE5}.QA|Any CPU.ActiveCfg = Release|Any CPU
		{39F51320-402B-428D-9657-397796780EE5}.QA|Any CPU.Build.0 = Release|Any CPU
		{39F51320-402B-428D-9657-397796780EE5}.Release|Any CPU.ActiveCfg = Release|Any CPU
		{39F51320-402B-428D-9657-397796780EE5}.Release|Any CPU.Build.0 = Release|Any CPU
		{A91EB240-FF6A-4DFF-87E1-C2B830212C74}.Debug|Any CPU.ActiveCfg = Debug|Any CPU
		{A91EB240-FF6A-4DFF-87E1-C2B830212C74}.Debug|Any CPU.Build.0 = Debug|Any CPU
		{A91EB240-FF6A-4DFF-87E1-C2B830212C74}.DEV|Any CPU.ActiveCfg = Debug|Any CPU
		{A91EB240-FF6A-4DFF-87E1-C2B830212C74}.DEV|Any CPU.Build.0 = Debug|Any CPU
		{A91EB240-FF6A-4DFF-87E1-C2B830212C74}.PROD|Any CPU.ActiveCfg = Release|Any CPU
		{A91EB240-FF6A-4DFF-87E1-C2B830212C74}.PROD|Any CPU.Build.0 = Release|Any CPU
		{A91EB240-FF6A-4DFF-87E1-C2B830212C74}.QA|Any CPU.ActiveCfg = Release|Any CPU
		{A91EB240-FF6A-4DFF-87E1-C2B830212C74}.QA|Any CPU.Build.0 = Release|Any CPU
		{A91EB240-FF6A-4DFF-87E1-C2B830212C74}.Release|Any CPU.ActiveCfg = Release|Any CPU
		{A91EB240-FF6A-4DFF-87E1-C2B830212C74}.Release|Any CPU.Build.0 = Release|Any CPU
		{35C95A09-A0E0-4533-86C5-538EC3C11B75}.Debug|Any CPU.ActiveCfg = Debug|Any CPU
		{35C95A09-A0E0-4533-86C5-538EC3C11B75}.Debug|Any CPU.Build.0 = Debug|Any CPU
		{35C95A09-A0E0-4533-86C5-538EC3C11B75}.DEV|Any CPU.ActiveCfg = Debug|Any CPU
		{35C95A09-A0E0-4533-86C5-538EC3C11B75}.DEV|Any CPU.Build.0 = Debug|Any CPU
		{35C95A09-A0E0-4533-86C5-538EC3C11B75}.PROD|Any CPU.ActiveCfg = Release|Any CPU
		{35C95A09-A0E0-4533-86C5-538EC3C11B75}.PROD|Any CPU.Build.0 = Release|Any CPU
		{35C95A09-A0E0-4533-86C5-538EC3C11B75}.QA|Any CPU.ActiveCfg = Release|Any CPU
		{35C95A09-A0E0-4533-86C5-538EC3C11B75}.QA|Any CPU.Build.0 = Release|Any CPU
		{35C95A09-A0E0-4533-86C5-538EC3C11B75}.Release|Any CPU.ActiveCfg = Release|Any CPU
		{35C95A09-A0E0-4533-86C5-538EC3C11B75}.Release|Any CPU.Build.0 = Release|Any CPU
		{56B6EFD7-1DD8-4A4A-86FD-F1B7084B5859}.Debug|Any CPU.ActiveCfg = Debug|Any CPU
		{56B6EFD7-1DD8-4A4A-86FD-F1B7084B5859}.Debug|Any CPU.Build.0 = Debug|Any CPU
		{56B6EFD7-1DD8-4A4A-86FD-F1B7084B5859}.DEV|Any CPU.ActiveCfg = Debug|Any CPU
		{56B6EFD7-1DD8-4A4A-86FD-F1B7084B5859}.DEV|Any CPU.Build.0 = Debug|Any CPU
		{56B6EFD7-1DD8-4A4A-86FD-F1B7084B5859}.PROD|Any CPU.ActiveCfg = Release|Any CPU
		{56B6EFD7-1DD8-4A4A-86FD-F1B7084B5859}.PROD|Any CPU.Build.0 = Release|Any CPU
		{56B6EFD7-1DD8-4A4A-86FD-F1B7084B5859}.QA|Any CPU.ActiveCfg = Release|Any CPU
		{56B6EFD7-1DD8-4A4A-86FD-F1B7084B5859}.QA|Any CPU.Build.0 = Release|Any CPU
		{56B6EFD7-1DD8-4A4A-86FD-F1B7084B5859}.Release|Any CPU.ActiveCfg = Release|Any CPU
		{56B6EFD7-1DD8-4A4A-86FD-F1B7084B5859}.Release|Any CPU.Build.0 = Release|Any CPU
		{899723CB-0C54-4D8A-8F2C-966D28D511C6}.Debug|Any CPU.ActiveCfg = Debug|Any CPU
		{899723CB-0C54-4D8A-8F2C-966D28D511C6}.Debug|Any CPU.Build.0 = Debug|Any CPU
		{899723CB-0C54-4D8A-8F2C-966D28D511C6}.DEV|Any CPU.ActiveCfg = Debug|Any CPU
		{899723CB-0C54-4D8A-8F2C-966D28D511C6}.DEV|Any CPU.Build.0 = Debug|Any CPU
		{899723CB-0C54-4D8A-8F2C-966D28D511C6}.PROD|Any CPU.ActiveCfg = Release|Any CPU
		{899723CB-0C54-4D8A-8F2C-966D28D511C6}.PROD|Any CPU.Build.0 = Release|Any CPU
		{899723CB-0C54-4D8A-8F2C-966D28D511C6}.QA|Any CPU.ActiveCfg = Release|Any CPU
		{899723CB-0C54-4D8A-8F2C-966D28D511C6}.QA|Any CPU.Build.0 = Release|Any CPU
		{899723CB-0C54-4D8A-8F2C-966D28D511C6}.Release|Any CPU.ActiveCfg = Release|Any CPU
		{899723CB-0C54-4D8A-8F2C-966D28D511C6}.Release|Any CPU.Build.0 = Release|Any CPU
		{372BA429-573E-408B-9B53-71F1B54B500B}.Debug|Any CPU.ActiveCfg = Debug|Any CPU
		{372BA429-573E-408B-9B53-71F1B54B500B}.Debug|Any CPU.Build.0 = Debug|Any CPU
		{372BA429-573E-408B-9B53-71F1B54B500B}.DEV|Any CPU.ActiveCfg = Debug|Any CPU
		{372BA429-573E-408B-9B53-71F1B54B500B}.DEV|Any CPU.Build.0 = Debug|Any CPU
		{372BA429-573E-408B-9B53-71F1B54B500B}.PROD|Any CPU.ActiveCfg = Release|Any CPU
		{372BA429-573E-408B-9B53-71F1B54B500B}.PROD|Any CPU.Build.0 = Release|Any CPU
		{372BA429-573E-408B-9B53-71F1B54B500B}.QA|Any CPU.ActiveCfg = Release|Any CPU
		{372BA429-573E-408B-9B53-71F1B54B500B}.QA|Any CPU.Build.0 = Release|Any CPU
		{372BA429-573E-408B-9B53-71F1B54B500B}.Release|Any CPU.ActiveCfg = Release|Any CPU
		{372BA429-573E-408B-9B53-71F1B54B500B}.Release|Any CPU.Build.0 = Release|Any CPU
		{4408B4C4-FD70-40D6-AF12-52168CF82B24}.Debug|Any CPU.ActiveCfg = Debug|Any CPU
		{4408B4C4-FD70-40D6-AF12-52168CF82B24}.Debug|Any CPU.Build.0 = Debug|Any CPU
		{4408B4C4-FD70-40D6-AF12-52168CF82B24}.DEV|Any CPU.ActiveCfg = Debug|Any CPU
		{4408B4C4-FD70-40D6-AF12-52168CF82B24}.DEV|Any CPU.Build.0 = Debug|Any CPU
		{4408B4C4-FD70-40D6-AF12-52168CF82B24}.PROD|Any CPU.ActiveCfg = Release|Any CPU
		{4408B4C4-FD70-40D6-AF12-52168CF82B24}.PROD|Any CPU.Build.0 = Release|Any CPU
		{4408B4C4-FD70-40D6-AF12-52168CF82B24}.QA|Any CPU.ActiveCfg = Release|Any CPU
		{4408B4C4-FD70-40D6-AF12-52168CF82B24}.QA|Any CPU.Build.0 = Release|Any CPU
		{4408B4C4-FD70-40D6-AF12-52168CF82B24}.Release|Any CPU.ActiveCfg = Release|Any CPU
		{4408B4C4-FD70-40D6-AF12-52168CF82B24}.Release|Any CPU.Build.0 = Release|Any CPU
		{5A321381-77D2-4053-9AAD-8621AE11B645}.Debug|Any CPU.ActiveCfg = Debug|Any CPU
		{5A321381-77D2-4053-9AAD-8621AE11B645}.Debug|Any CPU.Build.0 = Debug|Any CPU
		{5A321381-77D2-4053-9AAD-8621AE11B645}.DEV|Any CPU.ActiveCfg = Debug|Any CPU
		{5A321381-77D2-4053-9AAD-8621AE11B645}.DEV|Any CPU.Build.0 = Debug|Any CPU
		{5A321381-77D2-4053-9AAD-8621AE11B645}.PROD|Any CPU.ActiveCfg = Release|Any CPU
		{5A321381-77D2-4053-9AAD-8621AE11B645}.PROD|Any CPU.Build.0 = Release|Any CPU
		{5A321381-77D2-4053-9AAD-8621AE11B645}.QA|Any CPU.ActiveCfg = Release|Any CPU
		{5A321381-77D2-4053-9AAD-8621AE11B645}.QA|Any CPU.Build.0 = Release|Any CPU
		{5A321381-77D2-4053-9AAD-8621AE11B645}.Release|Any CPU.ActiveCfg = Release|Any CPU
		{5A321381-77D2-4053-9AAD-8621AE11B645}.Release|Any CPU.Build.0 = Release|Any CPU
		{8912246C-F2E7-42AB-AB11-1E194EE5F45D}.Debug|Any CPU.ActiveCfg = Debug|Any CPU
		{8912246C-F2E7-42AB-AB11-1E194EE5F45D}.Debug|Any CPU.Build.0 = Debug|Any CPU
		{8912246C-F2E7-42AB-AB11-1E194EE5F45D}.DEV|Any CPU.ActiveCfg = Debug|Any CPU
		{8912246C-F2E7-42AB-AB11-1E194EE5F45D}.DEV|Any CPU.Build.0 = Debug|Any CPU
		{8912246C-F2E7-42AB-AB11-1E194EE5F45D}.PROD|Any CPU.ActiveCfg = Release|Any CPU
		{8912246C-F2E7-42AB-AB11-1E194EE5F45D}.PROD|Any CPU.Build.0 = Release|Any CPU
		{8912246C-F2E7-42AB-AB11-1E194EE5F45D}.QA|Any CPU.ActiveCfg = Release|Any CPU
		{8912246C-F2E7-42AB-AB11-1E194EE5F45D}.QA|Any CPU.Build.0 = Release|Any CPU
		{8912246C-F2E7-42AB-AB11-1E194EE5F45D}.Release|Any CPU.ActiveCfg = Release|Any CPU
		{8912246C-F2E7-42AB-AB11-1E194EE5F45D}.Release|Any CPU.Build.0 = Release|Any CPU
		{EB876453-93E6-49BE-818B-C92227EC80BE}.Debug|Any CPU.ActiveCfg = Debug|Any CPU
		{EB876453-93E6-49BE-818B-C92227EC80BE}.Debug|Any CPU.Build.0 = Debug|Any CPU
		{EB876453-93E6-49BE-818B-C92227EC80BE}.DEV|Any CPU.ActiveCfg = Debug|Any CPU
		{EB876453-93E6-49BE-818B-C92227EC80BE}.DEV|Any CPU.Build.0 = Debug|Any CPU
		{EB876453-93E6-49BE-818B-C92227EC80BE}.PROD|Any CPU.ActiveCfg = Release|Any CPU
		{EB876453-93E6-49BE-818B-C92227EC80BE}.PROD|Any CPU.Build.0 = Release|Any CPU
		{EB876453-93E6-49BE-818B-C92227EC80BE}.QA|Any CPU.ActiveCfg = Release|Any CPU
		{EB876453-93E6-49BE-818B-C92227EC80BE}.QA|Any CPU.Build.0 = Release|Any CPU
		{EB876453-93E6-49BE-818B-C92227EC80BE}.Release|Any CPU.ActiveCfg = Release|Any CPU
		{EB876453-93E6-49BE-818B-C92227EC80BE}.Release|Any CPU.Build.0 = Release|Any CPU
		{5805D648-2088-45AD-83DC-FBFABA0032D3}.Debug|Any CPU.ActiveCfg = Debug|Any CPU
		{5805D648-2088-45AD-83DC-FBFABA0032D3}.Debug|Any CPU.Build.0 = Debug|Any CPU
		{5805D648-2088-45AD-83DC-FBFABA0032D3}.DEV|Any CPU.ActiveCfg = Debug|Any CPU
		{5805D648-2088-45AD-83DC-FBFABA0032D3}.DEV|Any CPU.Build.0 = Debug|Any CPU
		{5805D648-2088-45AD-83DC-FBFABA0032D3}.PROD|Any CPU.ActiveCfg = Release|Any CPU
		{5805D648-2088-45AD-83DC-FBFABA0032D3}.PROD|Any CPU.Build.0 = Release|Any CPU
		{5805D648-2088-45AD-83DC-FBFABA0032D3}.QA|Any CPU.ActiveCfg = Release|Any CPU
		{5805D648-2088-45AD-83DC-FBFABA0032D3}.QA|Any CPU.Build.0 = Release|Any CPU
		{5805D648-2088-45AD-83DC-FBFABA0032D3}.Release|Any CPU.ActiveCfg = Release|Any CPU
		{5805D648-2088-45AD-83DC-FBFABA0032D3}.Release|Any CPU.Build.0 = Release|Any CPU
		{CCDD86CA-8D75-45AE-9DE0-9085ADA312C6}.Debug|Any CPU.ActiveCfg = Debug|Any CPU
		{CCDD86CA-8D75-45AE-9DE0-9085ADA312C6}.Debug|Any CPU.Build.0 = Debug|Any CPU
		{CCDD86CA-8D75-45AE-9DE0-9085ADA312C6}.DEV|Any CPU.ActiveCfg = Debug|Any CPU
		{CCDD86CA-8D75-45AE-9DE0-9085ADA312C6}.DEV|Any CPU.Build.0 = Debug|Any CPU
		{CCDD86CA-8D75-45AE-9DE0-9085ADA312C6}.PROD|Any CPU.ActiveCfg = Release|Any CPU
		{CCDD86CA-8D75-45AE-9DE0-9085ADA312C6}.PROD|Any CPU.Build.0 = Release|Any CPU
		{CCDD86CA-8D75-45AE-9DE0-9085ADA312C6}.QA|Any CPU.ActiveCfg = Release|Any CPU
		{CCDD86CA-8D75-45AE-9DE0-9085ADA312C6}.QA|Any CPU.Build.0 = Release|Any CPU
		{CCDD86CA-8D75-45AE-9DE0-9085ADA312C6}.Release|Any CPU.ActiveCfg = Release|Any CPU
		{CCDD86CA-8D75-45AE-9DE0-9085ADA312C6}.Release|Any CPU.Build.0 = Release|Any CPU
		{4E5847AA-6DD6-4C88-B7F7-EA0CA10BF584}.Debug|Any CPU.ActiveCfg = Debug|Any CPU
		{4E5847AA-6DD6-4C88-B7F7-EA0CA10BF584}.Debug|Any CPU.Build.0 = Debug|Any CPU
		{4E5847AA-6DD6-4C88-B7F7-EA0CA10BF584}.DEV|Any CPU.ActiveCfg = Debug|Any CPU
		{4E5847AA-6DD6-4C88-B7F7-EA0CA10BF584}.DEV|Any CPU.Build.0 = Debug|Any CPU
		{4E5847AA-6DD6-4C88-B7F7-EA0CA10BF584}.PROD|Any CPU.ActiveCfg = Release|Any CPU
		{4E5847AA-6DD6-4C88-B7F7-EA0CA10BF584}.PROD|Any CPU.Build.0 = Release|Any CPU
		{4E5847AA-6DD6-4C88-B7F7-EA0CA10BF584}.QA|Any CPU.ActiveCfg = Release|Any CPU
		{4E5847AA-6DD6-4C88-B7F7-EA0CA10BF584}.QA|Any CPU.Build.0 = Release|Any CPU
		{4E5847AA-6DD6-4C88-B7F7-EA0CA10BF584}.Release|Any CPU.ActiveCfg = Release|Any CPU
		{4E5847AA-6DD6-4C88-B7F7-EA0CA10BF584}.Release|Any CPU.Build.0 = Release|Any CPU
		{28F840A0-E586-4EDB-B9CD-3DF159EA2434}.Debug|Any CPU.ActiveCfg = Debug|Any CPU
		{28F840A0-E586-4EDB-B9CD-3DF159EA2434}.Debug|Any CPU.Build.0 = Debug|Any CPU
		{28F840A0-E586-4EDB-B9CD-3DF159EA2434}.DEV|Any CPU.ActiveCfg = Debug|Any CPU
		{28F840A0-E586-4EDB-B9CD-3DF159EA2434}.DEV|Any CPU.Build.0 = Debug|Any CPU
		{28F840A0-E586-4EDB-B9CD-3DF159EA2434}.PROD|Any CPU.ActiveCfg = Debug|Any CPU
		{28F840A0-E586-4EDB-B9CD-3DF159EA2434}.PROD|Any CPU.Build.0 = Debug|Any CPU
		{28F840A0-E586-4EDB-B9CD-3DF159EA2434}.QA|Any CPU.ActiveCfg = Debug|Any CPU
		{28F840A0-E586-4EDB-B9CD-3DF159EA2434}.QA|Any CPU.Build.0 = Debug|Any CPU
		{28F840A0-E586-4EDB-B9CD-3DF159EA2434}.Release|Any CPU.ActiveCfg = Release|Any CPU
		{28F840A0-E586-4EDB-B9CD-3DF159EA2434}.Release|Any CPU.Build.0 = Release|Any CPU
		{B69845F6-E050-4D90-9C0B-0603D57E3D91}.Debug|Any CPU.ActiveCfg = Debug|Any CPU
		{B69845F6-E050-4D90-9C0B-0603D57E3D91}.Debug|Any CPU.Build.0 = Debug|Any CPU
		{B69845F6-E050-4D90-9C0B-0603D57E3D91}.DEV|Any CPU.ActiveCfg = Debug|Any CPU
		{B69845F6-E050-4D90-9C0B-0603D57E3D91}.DEV|Any CPU.Build.0 = Debug|Any CPU
		{B69845F6-E050-4D90-9C0B-0603D57E3D91}.PROD|Any CPU.ActiveCfg = Debug|Any CPU
		{B69845F6-E050-4D90-9C0B-0603D57E3D91}.PROD|Any CPU.Build.0 = Debug|Any CPU
		{B69845F6-E050-4D90-9C0B-0603D57E3D91}.QA|Any CPU.ActiveCfg = Debug|Any CPU
		{B69845F6-E050-4D90-9C0B-0603D57E3D91}.QA|Any CPU.Build.0 = Debug|Any CPU
		{B69845F6-E050-4D90-9C0B-0603D57E3D91}.Release|Any CPU.ActiveCfg = Release|Any CPU
		{B69845F6-E050-4D90-9C0B-0603D57E3D91}.Release|Any CPU.Build.0 = Release|Any CPU
		{5005D994-9FEE-4E86-9D69-E4E9B7C5EDC3}.Debug|Any CPU.ActiveCfg = Debug|Any CPU
		{5005D994-9FEE-4E86-9D69-E4E9B7C5EDC3}.Debug|Any CPU.Build.0 = Debug|Any CPU
		{5005D994-9FEE-4E86-9D69-E4E9B7C5EDC3}.DEV|Any CPU.ActiveCfg = Debug|Any CPU
		{5005D994-9FEE-4E86-9D69-E4E9B7C5EDC3}.DEV|Any CPU.Build.0 = Debug|Any CPU
		{5005D994-9FEE-4E86-9D69-E4E9B7C5EDC3}.PROD|Any CPU.ActiveCfg = Debug|Any CPU
		{5005D994-9FEE-4E86-9D69-E4E9B7C5EDC3}.PROD|Any CPU.Build.0 = Debug|Any CPU
		{5005D994-9FEE-4E86-9D69-E4E9B7C5EDC3}.QA|Any CPU.ActiveCfg = Debug|Any CPU
		{5005D994-9FEE-4E86-9D69-E4E9B7C5EDC3}.QA|Any CPU.Build.0 = Debug|Any CPU
		{5005D994-9FEE-4E86-9D69-E4E9B7C5EDC3}.Release|Any CPU.ActiveCfg = Release|Any CPU
		{5005D994-9FEE-4E86-9D69-E4E9B7C5EDC3}.Release|Any CPU.Build.0 = Release|Any CPU
		{4EBE87FC-352A-475E-AD3C-B0109DBF3B99}.Debug|Any CPU.ActiveCfg = Debug|Any CPU
		{4EBE87FC-352A-475E-AD3C-B0109DBF3B99}.Debug|Any CPU.Build.0 = Debug|Any CPU
		{4EBE87FC-352A-475E-AD3C-B0109DBF3B99}.DEV|Any CPU.ActiveCfg = Debug|Any CPU
		{4EBE87FC-352A-475E-AD3C-B0109DBF3B99}.DEV|Any CPU.Build.0 = Debug|Any CPU
		{4EBE87FC-352A-475E-AD3C-B0109DBF3B99}.PROD|Any CPU.ActiveCfg = Debug|Any CPU
		{4EBE87FC-352A-475E-AD3C-B0109DBF3B99}.PROD|Any CPU.Build.0 = Debug|Any CPU
		{4EBE87FC-352A-475E-AD3C-B0109DBF3B99}.QA|Any CPU.ActiveCfg = Debug|Any CPU
		{4EBE87FC-352A-475E-AD3C-B0109DBF3B99}.QA|Any CPU.Build.0 = Debug|Any CPU
		{4EBE87FC-352A-475E-AD3C-B0109DBF3B99}.Release|Any CPU.ActiveCfg = Release|Any CPU
		{4EBE87FC-352A-475E-AD3C-B0109DBF3B99}.Release|Any CPU.Build.0 = Release|Any CPU
		{666DA567-17FA-4AEE-B492-AF334DB7FF8F}.Debug|Any CPU.ActiveCfg = Debug|Any CPU
		{666DA567-17FA-4AEE-B492-AF334DB7FF8F}.Debug|Any CPU.Build.0 = Debug|Any CPU
		{666DA567-17FA-4AEE-B492-AF334DB7FF8F}.DEV|Any CPU.ActiveCfg = DEV|Any CPU
		{666DA567-17FA-4AEE-B492-AF334DB7FF8F}.DEV|Any CPU.Build.0 = DEV|Any CPU
		{666DA567-17FA-4AEE-B492-AF334DB7FF8F}.PROD|Any CPU.ActiveCfg = PROD|Any CPU
		{666DA567-17FA-4AEE-B492-AF334DB7FF8F}.PROD|Any CPU.Build.0 = PROD|Any CPU
		{666DA567-17FA-4AEE-B492-AF334DB7FF8F}.QA|Any CPU.ActiveCfg = QA|Any CPU
		{666DA567-17FA-4AEE-B492-AF334DB7FF8F}.QA|Any CPU.Build.0 = QA|Any CPU
		{666DA567-17FA-4AEE-B492-AF334DB7FF8F}.Release|Any CPU.ActiveCfg = Release|Any CPU
		{666DA567-17FA-4AEE-B492-AF334DB7FF8F}.Release|Any CPU.Build.0 = Release|Any CPU
		{91B45DDC-AAB3-46F7-A4DA-782C9DB3A662}.Debug|Any CPU.ActiveCfg = Debug|Any CPU
		{91B45DDC-AAB3-46F7-A4DA-782C9DB3A662}.Debug|Any CPU.Build.0 = Debug|Any CPU
		{91B45DDC-AAB3-46F7-A4DA-782C9DB3A662}.DEV|Any CPU.ActiveCfg = Debug|Any CPU
		{91B45DDC-AAB3-46F7-A4DA-782C9DB3A662}.DEV|Any CPU.Build.0 = Debug|Any CPU
		{91B45DDC-AAB3-46F7-A4DA-782C9DB3A662}.PROD|Any CPU.ActiveCfg = Debug|Any CPU
		{91B45DDC-AAB3-46F7-A4DA-782C9DB3A662}.PROD|Any CPU.Build.0 = Debug|Any CPU
		{91B45DDC-AAB3-46F7-A4DA-782C9DB3A662}.QA|Any CPU.ActiveCfg = Debug|Any CPU
		{91B45DDC-AAB3-46F7-A4DA-782C9DB3A662}.QA|Any CPU.Build.0 = Debug|Any CPU
		{91B45DDC-AAB3-46F7-A4DA-782C9DB3A662}.Release|Any CPU.ActiveCfg = Release|Any CPU
		{91B45DDC-AAB3-46F7-A4DA-782C9DB3A662}.Release|Any CPU.Build.0 = Release|Any CPU
		{E2E6DBFD-CD7A-433F-A8CA-25EEC71731A9}.Debug|Any CPU.ActiveCfg = Debug|Any CPU
		{E2E6DBFD-CD7A-433F-A8CA-25EEC71731A9}.Debug|Any CPU.Build.0 = Debug|Any CPU
		{E2E6DBFD-CD7A-433F-A8CA-25EEC71731A9}.DEV|Any CPU.ActiveCfg = Debug|Any CPU
		{E2E6DBFD-CD7A-433F-A8CA-25EEC71731A9}.DEV|Any CPU.Build.0 = Debug|Any CPU
		{E2E6DBFD-CD7A-433F-A8CA-25EEC71731A9}.PROD|Any CPU.ActiveCfg = Debug|Any CPU
		{E2E6DBFD-CD7A-433F-A8CA-25EEC71731A9}.PROD|Any CPU.Build.0 = Debug|Any CPU
		{E2E6DBFD-CD7A-433F-A8CA-25EEC71731A9}.QA|Any CPU.ActiveCfg = Debug|Any CPU
		{E2E6DBFD-CD7A-433F-A8CA-25EEC71731A9}.QA|Any CPU.Build.0 = Debug|Any CPU
		{E2E6DBFD-CD7A-433F-A8CA-25EEC71731A9}.Release|Any CPU.ActiveCfg = Release|Any CPU
		{E2E6DBFD-CD7A-433F-A8CA-25EEC71731A9}.Release|Any CPU.Build.0 = Release|Any CPU
		{0EA21686-BB51-4259-8CD3-42873D185058}.Debug|Any CPU.ActiveCfg = Debug|Any CPU
		{0EA21686-BB51-4259-8CD3-42873D185058}.Debug|Any CPU.Build.0 = Debug|Any CPU
		{0EA21686-BB51-4259-8CD3-42873D185058}.DEV|Any CPU.ActiveCfg = Debug|Any CPU
		{0EA21686-BB51-4259-8CD3-42873D185058}.DEV|Any CPU.Build.0 = Debug|Any CPU
		{0EA21686-BB51-4259-8CD3-42873D185058}.PROD|Any CPU.ActiveCfg = Debug|Any CPU
		{0EA21686-BB51-4259-8CD3-42873D185058}.PROD|Any CPU.Build.0 = Debug|Any CPU
		{0EA21686-BB51-4259-8CD3-42873D185058}.QA|Any CPU.ActiveCfg = Debug|Any CPU
		{0EA21686-BB51-4259-8CD3-42873D185058}.QA|Any CPU.Build.0 = Debug|Any CPU
		{0EA21686-BB51-4259-8CD3-42873D185058}.Release|Any CPU.ActiveCfg = Release|Any CPU
		{0EA21686-BB51-4259-8CD3-42873D185058}.Release|Any CPU.Build.0 = Release|Any CPU
		{E583F167-9B02-4388-87D2-682F47829542}.Debug|Any CPU.ActiveCfg = Debug|Any CPU
		{E583F167-9B02-4388-87D2-682F47829542}.Debug|Any CPU.Build.0 = Debug|Any CPU
		{E583F167-9B02-4388-87D2-682F47829542}.DEV|Any CPU.ActiveCfg = Debug|Any CPU
		{E583F167-9B02-4388-87D2-682F47829542}.DEV|Any CPU.Build.0 = Debug|Any CPU
		{E583F167-9B02-4388-87D2-682F47829542}.PROD|Any CPU.ActiveCfg = Debug|Any CPU
		{E583F167-9B02-4388-87D2-682F47829542}.PROD|Any CPU.Build.0 = Debug|Any CPU
		{E583F167-9B02-4388-87D2-682F47829542}.QA|Any CPU.ActiveCfg = Debug|Any CPU
		{E583F167-9B02-4388-87D2-682F47829542}.QA|Any CPU.Build.0 = Debug|Any CPU
		{E583F167-9B02-4388-87D2-682F47829542}.Release|Any CPU.ActiveCfg = Release|Any CPU
		{E583F167-9B02-4388-87D2-682F47829542}.Release|Any CPU.Build.0 = Release|Any CPU
		{EE57C445-0CB0-4DBD-B6D3-7464D1CDD0C5}.Debug|Any CPU.ActiveCfg = Debug|Any CPU
		{EE57C445-0CB0-4DBD-B6D3-7464D1CDD0C5}.Debug|Any CPU.Build.0 = Debug|Any CPU
		{EE57C445-0CB0-4DBD-B6D3-7464D1CDD0C5}.DEV|Any CPU.ActiveCfg = Debug|Any CPU
		{EE57C445-0CB0-4DBD-B6D3-7464D1CDD0C5}.DEV|Any CPU.Build.0 = Debug|Any CPU
		{EE57C445-0CB0-4DBD-B6D3-7464D1CDD0C5}.PROD|Any CPU.ActiveCfg = Debug|Any CPU
		{EE57C445-0CB0-4DBD-B6D3-7464D1CDD0C5}.PROD|Any CPU.Build.0 = Debug|Any CPU
		{EE57C445-0CB0-4DBD-B6D3-7464D1CDD0C5}.QA|Any CPU.ActiveCfg = Debug|Any CPU
		{EE57C445-0CB0-4DBD-B6D3-7464D1CDD0C5}.QA|Any CPU.Build.0 = Debug|Any CPU
		{EE57C445-0CB0-4DBD-B6D3-7464D1CDD0C5}.Release|Any CPU.ActiveCfg = Release|Any CPU
		{EE57C445-0CB0-4DBD-B6D3-7464D1CDD0C5}.Release|Any CPU.Build.0 = Release|Any CPU
		{7F3FC4A8-FC18-4BAD-82E0-59970AFCCCC3}.Debug|Any CPU.ActiveCfg = Debug|Any CPU
		{7F3FC4A8-FC18-4BAD-82E0-59970AFCCCC3}.Debug|Any CPU.Build.0 = Debug|Any CPU
		{7F3FC4A8-FC18-4BAD-82E0-59970AFCCCC3}.DEV|Any CPU.ActiveCfg = Debug|Any CPU
		{7F3FC4A8-FC18-4BAD-82E0-59970AFCCCC3}.DEV|Any CPU.Build.0 = Debug|Any CPU
		{7F3FC4A8-FC18-4BAD-82E0-59970AFCCCC3}.PROD|Any CPU.ActiveCfg = Debug|Any CPU
		{7F3FC4A8-FC18-4BAD-82E0-59970AFCCCC3}.PROD|Any CPU.Build.0 = Debug|Any CPU
		{7F3FC4A8-FC18-4BAD-82E0-59970AFCCCC3}.QA|Any CPU.ActiveCfg = Debug|Any CPU
		{7F3FC4A8-FC18-4BAD-82E0-59970AFCCCC3}.QA|Any CPU.Build.0 = Debug|Any CPU
		{7F3FC4A8-FC18-4BAD-82E0-59970AFCCCC3}.Release|Any CPU.ActiveCfg = Release|Any CPU
		{7F3FC4A8-FC18-4BAD-82E0-59970AFCCCC3}.Release|Any CPU.Build.0 = Release|Any CPU
		{9E24744C-5946-4AFE-8DDB-8E576FE344CA}.Debug|Any CPU.ActiveCfg = Debug|Any CPU
		{9E24744C-5946-4AFE-8DDB-8E576FE344CA}.Debug|Any CPU.Build.0 = Debug|Any CPU
		{9E24744C-5946-4AFE-8DDB-8E576FE344CA}.DEV|Any CPU.ActiveCfg = Debug|Any CPU
		{9E24744C-5946-4AFE-8DDB-8E576FE344CA}.DEV|Any CPU.Build.0 = Debug|Any CPU
		{9E24744C-5946-4AFE-8DDB-8E576FE344CA}.PROD|Any CPU.ActiveCfg = Debug|Any CPU
		{9E24744C-5946-4AFE-8DDB-8E576FE344CA}.PROD|Any CPU.Build.0 = Debug|Any CPU
		{9E24744C-5946-4AFE-8DDB-8E576FE344CA}.QA|Any CPU.ActiveCfg = Debug|Any CPU
		{9E24744C-5946-4AFE-8DDB-8E576FE344CA}.QA|Any CPU.Build.0 = Debug|Any CPU
		{9E24744C-5946-4AFE-8DDB-8E576FE344CA}.Release|Any CPU.ActiveCfg = Release|Any CPU
		{9E24744C-5946-4AFE-8DDB-8E576FE344CA}.Release|Any CPU.Build.0 = Release|Any CPU
		{170B8EFD-52AF-43E6-A79C-63FCCC5A42C8}.Debug|Any CPU.ActiveCfg = Debug|Any CPU
		{170B8EFD-52AF-43E6-A79C-63FCCC5A42C8}.Debug|Any CPU.Build.0 = Debug|Any CPU
		{170B8EFD-52AF-43E6-A79C-63FCCC5A42C8}.DEV|Any CPU.ActiveCfg = Debug|Any CPU
		{170B8EFD-52AF-43E6-A79C-63FCCC5A42C8}.DEV|Any CPU.Build.0 = Debug|Any CPU
		{170B8EFD-52AF-43E6-A79C-63FCCC5A42C8}.PROD|Any CPU.ActiveCfg = Debug|Any CPU
		{170B8EFD-52AF-43E6-A79C-63FCCC5A42C8}.PROD|Any CPU.Build.0 = Debug|Any CPU
		{170B8EFD-52AF-43E6-A79C-63FCCC5A42C8}.QA|Any CPU.ActiveCfg = Debug|Any CPU
		{170B8EFD-52AF-43E6-A79C-63FCCC5A42C8}.QA|Any CPU.Build.0 = Debug|Any CPU
		{170B8EFD-52AF-43E6-A79C-63FCCC5A42C8}.Release|Any CPU.ActiveCfg = Release|Any CPU
		{170B8EFD-52AF-43E6-A79C-63FCCC5A42C8}.Release|Any CPU.Build.0 = Release|Any CPU
	EndGlobalSection
	GlobalSection(SolutionProperties) = preSolution
		HideSolutionNode = FALSE
	EndGlobalSection
	GlobalSection(NestedProjects) = preSolution
		{64E21968-AAA7-47BA-9CCA-1B8727EFA46A} = {1B79341F-1D3C-4EC5-A1F1-336C9A98D9E9}
		{1EFA1752-26BD-4661-8E04-2CDAC498FBCC} = {52767DB0-04EF-49E5-8B31-7542061B0604}
		{EE42B958-E3A7-4369-9B94-D2AD32DB37A3} = {52767DB0-04EF-49E5-8B31-7542061B0604}
		{33A1799B-9991-4022-99BF-963B64303B25} = {52767DB0-04EF-49E5-8B31-7542061B0604}
		{9CE70734-9EB2-45AE-A544-C14149BC204F} = {52767DB0-04EF-49E5-8B31-7542061B0604}
		{1FFD1E6D-A737-4118-ABA7-ED4BB4258242} = {1EFA1752-26BD-4661-8E04-2CDAC498FBCC}
		{1691C927-CC37-41CC-8267-5F781CA6088D} = {EE42B958-E3A7-4369-9B94-D2AD32DB37A3}
		{0F1C7A4C-92B1-4BCD-907E-5DC90FC6D236} = {EE42B958-E3A7-4369-9B94-D2AD32DB37A3}
		{92F05AAD-7A49-4300-AC71-0F2D1BE20C37} = {EE42B958-E3A7-4369-9B94-D2AD32DB37A3}
		{5170106F-2709-4F72-8D99-9A082C250687} = {EE42B958-E3A7-4369-9B94-D2AD32DB37A3}
		{65DC204F-A7EF-450E-9F5C-81AC78008748} = {EE42B958-E3A7-4369-9B94-D2AD32DB37A3}
		{3268BCD4-2456-4770-B077-48C212DD86C9} = {EE42B958-E3A7-4369-9B94-D2AD32DB37A3}
		{9F475909-1EE4-41AE-A128-2FBB4ACF0EF3} = {EE42B958-E3A7-4369-9B94-D2AD32DB37A3}
		{194F4817-2096-41D0-8486-19925DA8F22A} = {EE42B958-E3A7-4369-9B94-D2AD32DB37A3}
		{0475AACF-BB58-41A0-A539-80DE7F2A83C4} = {33A1799B-9991-4022-99BF-963B64303B25}
		{3E8A0B6B-2DF6-4995-9476-32AB804301EF} = {33A1799B-9991-4022-99BF-963B64303B25}
		{D4DEBC6C-C0C0-45F5-A761-B694636C5A16} = {33A1799B-9991-4022-99BF-963B64303B25}
		{15B612EC-12ED-4139-ACD2-13778CDAE57E} = {1EFA1752-26BD-4661-8E04-2CDAC498FBCC}
		{9BC1E5CC-3647-46B6-9A1D-EEE3199A66E9} = {1B79341F-1D3C-4EC5-A1F1-336C9A98D9E9}
		{39F51320-402B-428D-9657-397796780EE5} = {9CE70734-9EB2-45AE-A544-C14149BC204F}
		{A91EB240-FF6A-4DFF-87E1-C2B830212C74} = {9CE70734-9EB2-45AE-A544-C14149BC204F}
		{35C95A09-A0E0-4533-86C5-538EC3C11B75} = {EE42B958-E3A7-4369-9B94-D2AD32DB37A3}
		{56B6EFD7-1DD8-4A4A-86FD-F1B7084B5859} = {EE42B958-E3A7-4369-9B94-D2AD32DB37A3}
		{899723CB-0C54-4D8A-8F2C-966D28D511C6} = {9CE70734-9EB2-45AE-A544-C14149BC204F}
		{372BA429-573E-408B-9B53-71F1B54B500B} = {1AB816BD-E775-4D17-95ED-BB4CD822FDFF}
		{4408B4C4-FD70-40D6-AF12-52168CF82B24} = {1EFA1752-26BD-4661-8E04-2CDAC498FBCC}
		{ADE174B3-D9C4-4527-ACAC-73209A11D5E0} = {0B851597-2576-4E2B-A8C6-9D5572A38F61}
		{FD1F7F70-E72E-45E5-B8C2-CD9486835A88} = {0B851597-2576-4E2B-A8C6-9D5572A38F61}
		{A7FB5D52-56B1-46C5-8257-4A4CE61F2DDB} = {0B851597-2576-4E2B-A8C6-9D5572A38F61}
		{C325CF4E-72F6-433B-8DBB-431DF3EA4B78} = {0B851597-2576-4E2B-A8C6-9D5572A38F61}
		{5A321381-77D2-4053-9AAD-8621AE11B645} = {FD1F7F70-E72E-45E5-B8C2-CD9486835A88}
		{8912246C-F2E7-42AB-AB11-1E194EE5F45D} = {FD1F7F70-E72E-45E5-B8C2-CD9486835A88}
		{EB876453-93E6-49BE-818B-C92227EC80BE} = {FD1F7F70-E72E-45E5-B8C2-CD9486835A88}
		{5805D648-2088-45AD-83DC-FBFABA0032D3} = {A7FB5D52-56B1-46C5-8257-4A4CE61F2DDB}
		{CCDD86CA-8D75-45AE-9DE0-9085ADA312C6} = {A7FB5D52-56B1-46C5-8257-4A4CE61F2DDB}
		{4E5847AA-6DD6-4C88-B7F7-EA0CA10BF584} = {A7FB5D52-56B1-46C5-8257-4A4CE61F2DDB}
		{28F840A0-E586-4EDB-B9CD-3DF159EA2434} = {FD1F7F70-E72E-45E5-B8C2-CD9486835A88}
		{B69845F6-E050-4D90-9C0B-0603D57E3D91} = {FD1F7F70-E72E-45E5-B8C2-CD9486835A88}
		{5005D994-9FEE-4E86-9D69-E4E9B7C5EDC3} = {FD1F7F70-E72E-45E5-B8C2-CD9486835A88}
		{4EBE87FC-352A-475E-AD3C-B0109DBF3B99} = {C325CF4E-72F6-433B-8DBB-431DF3EA4B78}
		{384EAA94-89D0-4834-9AAC-F145E5228A54} = {0B851597-2576-4E2B-A8C6-9D5572A38F61}
		{666DA567-17FA-4AEE-B492-AF334DB7FF8F} = {384EAA94-89D0-4834-9AAC-F145E5228A54}
		{91B45DDC-AAB3-46F7-A4DA-782C9DB3A662} = {FD1F7F70-E72E-45E5-B8C2-CD9486835A88}
		{E2E6DBFD-CD7A-433F-A8CA-25EEC71731A9} = {FD1F7F70-E72E-45E5-B8C2-CD9486835A88}
		{0EA21686-BB51-4259-8CD3-42873D185058} = {C325CF4E-72F6-433B-8DBB-431DF3EA4B78}
		{E583F167-9B02-4388-87D2-682F47829542} = {FD1F7F70-E72E-45E5-B8C2-CD9486835A88}
		{EE57C445-0CB0-4DBD-B6D3-7464D1CDD0C5} = {FD1F7F70-E72E-45E5-B8C2-CD9486835A88}
		{7F3FC4A8-FC18-4BAD-82E0-59970AFCCCC3} = {C325CF4E-72F6-433B-8DBB-431DF3EA4B78}
		{9E24744C-5946-4AFE-8DDB-8E576FE344CA} = {ADE174B3-D9C4-4527-ACAC-73209A11D5E0}
		{170B8EFD-52AF-43E6-A79C-63FCCC5A42C8} = {ADE174B3-D9C4-4527-ACAC-73209A11D5E0}
	EndGlobalSection
EndGlobal
