
Microsoft Visual Studio Solution File, Format Version 12.00
# Visual Studio 14
VisualStudioVersion = 14.0.25420.1
MinimumVisualStudioVersion = 10.0.40219.1
Project("{FAE04EC0-301F-11D3-BF4B-00C04F79EFBC}") = "Fmo.DataServices", "Fmo.DataServices\Fmo.DataServices.csproj", "{245B42EE-7F97-4077-9695-84871B70BD6A}"
EndProject
Project("{FAE04EC0-301F-11D3-BF4B-00C04F79EFBC}") = "Fmo.BusinessServices", "Fmo.BusinessServices\Fmo.BusinessServices.csproj", "{ABA09FBA-3F3F-47F7-8AB7-BA12841D56FE}"
EndProject
Project("{FAE04EC0-301F-11D3-BF4B-00C04F79EFBC}") = "Fmo.Batch", "Fmo.Batch\Fmo.Batch.csproj", "{8A816A46-E108-440A-B973-6CF95AB8D9BC}"
EndProject
Project("{FAE04EC0-301F-11D3-BF4B-00C04F79EFBC}") = "Fmo.Integration", "Fmo.Integration\Fmo.Integration.csproj", "{032A9D6B-18F1-4E8F-A564-B5BD3D0A3E07}"
EndProject
Project("{8BB2217D-0F2D-49D1-97BC-3654ED321F3B}") = "Fmo.Web.UI", "Fmo.UI\Fmo.Web.UI.xproj", "{9DA5B455-58CA-4FD5-9A36-B7E8D1428A2E}"
EndProject
Project("{8BB2217D-0F2D-49D1-97BC-3654ED321F3B}") = "Fmo.Web.API.Services", "Fmo.API.Services\Fmo.Web.API.Services.xproj", "{D3CD1B5F-6619-4613-9027-AD3C4F20111A}"
EndProject
Project("{FAE04EC0-301F-11D3-BF4B-00C04F79EFBC}") = "Fmo.Common", "Fmo.Common\Fmo.Common.csproj", "{1D645C11-6570-4327-9E60-B6E7D676BA0D}"
EndProject
Project("{FAE04EC0-301F-11D3-BF4B-00C04F79EFBC}") = "Fmo.DTO", "Fmo.DTO\Fmo.DTO.csproj", "{43FC012E-5274-4CF4-8689-97B3CE067C11}"
EndProject
Project("{2150E333-8FDC-42A3-9474-1A3956D46DE8}") = "Modules", "Modules", "{D59642C7-7142-4663-91D8-9EBB151BF657}"
EndProject
Project("{2150E333-8FDC-42A3-9474-1A3956D46DE8}") = "Tests", "Tests", "{620033FA-D41F-4832-A542-EFC18996E7EF}"
EndProject
Project("{FAE04EC0-301F-11D3-BF4B-00C04F79EFBC}") = "Fmo.BusinessServices.Tests", "Tests\Fmo.BusinessServices.Tests\Fmo.BusinessServices.Tests.csproj", "{18A265C0-DCF0-4979-A2BE-68AD12852FDA}"
EndProject
Project("{FAE04EC0-301F-11D3-BF4B-00C04F79EFBC}") = "Fmo.DataServices.Tests", "Tests\Fmo.DataServices.Tests\Fmo.DataServices.Tests.csproj", "{666DA567-17FA-4AEE-B492-AF334DB7FF8F}"
EndProject
Project("{FAE04EC0-301F-11D3-BF4B-00C04F79EFBC}") = "Fmo.Batch.FileLoader", "FMO.Batch.FileLoader\Fmo.Batch.FileLoader.csproj", "{899723CB-0C54-4D8A-8F2C-966D28D511C6}"
EndProject
Project("{FAE04EC0-301F-11D3-BF4B-00C04F79EFBC}") = "Fmo.NYBLoader", "Fmo.NYBLoader\Fmo.NYBLoader.csproj", "{4E169F3D-90C8-4889-96AD-9C0D51C5C174}"
EndProject
Project("{FAE04EC0-301F-11D3-BF4B-00C04F79EFBC}") = "Fmo.Entities", "FMO.Entities\Fmo.Entities.csproj", "{355491A6-65FA-4145-BB68-74E0E1576433}"
EndProject
Project("{FAE04EC0-301F-11D3-BF4B-00C04F79EFBC}") = "Fmo.MessageBrokerCore", "FMO.MessageBrokerCore\Fmo.MessageBrokerCore.csproj", "{10A130A3-105F-4DF9-9D74-00D252B5ACC7}"
EndProject
Project("{FAE04EC0-301F-11D3-BF4B-00C04F79EFBC}") = "Fmo.MappingConfiguration", "Fmo.MappingConfiguration\Fmo.MappingConfiguration.csproj", "{348FE78C-1051-4D06-B29E-2E1EFF30CC7A}"
EndProject
Project("{FAE04EC0-301F-11D3-BF4B-00C04F79EFBC}") = "Fmo.Helpers", "Fmo.Helpers\Fmo.Helpers.csproj", "{F74212F1-1312-415B-9D38-F51C6F340956}"
EndProject
Project("{FAE04EC0-301F-11D3-BF4B-00C04F79EFBC}") = "Fmo.NYBLoader.Tests", "Fmo.NYBLoader.Tests\Fmo.NYBLoader.Tests.csproj", "{A6ECA7A6-3B7B-4DF8-BD19-9325236ECCC5}"
EndProject
Project("{2150E333-8FDC-42A3-9474-1A3956D46DE8}") = "DBScripts", "DBScripts", "{69C65998-F611-48CE-AD46-69654F9C76A7}"
	ProjectSection(SolutionItems) = preProject
		DBScripts\DB_20170404160652_AddRowVersionColumnToDeliveryPointTable .sql = DBScripts\DB_20170404160652_AddRowVersionColumnToDeliveryPointTable .sql
		DBScripts\DB_20170404160654_AddRowVersionColumnToAccessLinkTable .sql = DBScripts\DB_20170404160654_AddRowVersionColumnToAccessLinkTable .sql
		DB_20170407155252_CreateFileProcessingLogTable.sql = DB_20170407155252_CreateFileProcessingLogTable.sql
		DB_20170412202000_CreateAuditLogTable.sql = DB_20170412202000_CreateAuditLogTable.sql
		DBScripts\DB_20170414155500_CreateViewGetAccessFunction.sql = DBScripts\DB_20170414155500_CreateViewGetAccessFunction.sql
	EndProjectSection
EndProject
Project("{FAE04EC0-301F-11D3-BF4B-00C04F79EFBC}") = "Fmo.Receiver", "Fmo.Receiver\Fmo.Receiver.csproj", "{35C95A09-A0E0-4533-86C5-538EC3C11B75}"
EndProject
Project("{2150E333-8FDC-42A3-9474-1A3956D46DE8}") = "Client", "Client", "{16F1CDA2-EFFD-483F-8958-1412232AF5CF}"
EndProject
Project("{2150E333-8FDC-42A3-9474-1A3956D46DE8}") = "Batch", "Batch", "{1DCF0E4F-0FCF-4C92-97F6-62E2953D54D1}"
EndProject
Project("{2150E333-8FDC-42A3-9474-1A3956D46DE8}") = "Loader", "Loader", "{2D6CF796-21C8-47BE-9BFD-11DED545825A}"
EndProject
Project("{2150E333-8FDC-42A3-9474-1A3956D46DE8}") = "Receiver", "Receiver", "{A65461C0-455F-4C3E-AF96-15733E73A2A1}"
EndProject
Project("{2150E333-8FDC-42A3-9474-1A3956D46DE8}") = "MessageBrokerCore", "MessageBrokerCore", "{C5ACA626-E351-4B28-9E99-161CAC77FE53}"
EndProject
Global
	GlobalSection(SolutionConfigurationPlatforms) = preSolution
		Debug|Any CPU = Debug|Any CPU
		Release|Any CPU = Release|Any CPU
	EndGlobalSection
	GlobalSection(ProjectConfigurationPlatforms) = postSolution
		{245B42EE-7F97-4077-9695-84871B70BD6A}.Debug|Any CPU.ActiveCfg = Debug|Any CPU
		{245B42EE-7F97-4077-9695-84871B70BD6A}.Debug|Any CPU.Build.0 = Debug|Any CPU
		{245B42EE-7F97-4077-9695-84871B70BD6A}.Release|Any CPU.ActiveCfg = Release|Any CPU
		{245B42EE-7F97-4077-9695-84871B70BD6A}.Release|Any CPU.Build.0 = Release|Any CPU
		{ABA09FBA-3F3F-47F7-8AB7-BA12841D56FE}.Debug|Any CPU.ActiveCfg = Debug|Any CPU
		{ABA09FBA-3F3F-47F7-8AB7-BA12841D56FE}.Debug|Any CPU.Build.0 = Debug|Any CPU
		{ABA09FBA-3F3F-47F7-8AB7-BA12841D56FE}.Release|Any CPU.ActiveCfg = Release|Any CPU
		{ABA09FBA-3F3F-47F7-8AB7-BA12841D56FE}.Release|Any CPU.Build.0 = Release|Any CPU
		{8A816A46-E108-440A-B973-6CF95AB8D9BC}.Debug|Any CPU.ActiveCfg = Debug|Any CPU
		{8A816A46-E108-440A-B973-6CF95AB8D9BC}.Debug|Any CPU.Build.0 = Debug|Any CPU
		{8A816A46-E108-440A-B973-6CF95AB8D9BC}.Release|Any CPU.ActiveCfg = Release|Any CPU
		{8A816A46-E108-440A-B973-6CF95AB8D9BC}.Release|Any CPU.Build.0 = Release|Any CPU
		{032A9D6B-18F1-4E8F-A564-B5BD3D0A3E07}.Debug|Any CPU.ActiveCfg = Debug|Any CPU
		{032A9D6B-18F1-4E8F-A564-B5BD3D0A3E07}.Debug|Any CPU.Build.0 = Debug|Any CPU
		{032A9D6B-18F1-4E8F-A564-B5BD3D0A3E07}.Release|Any CPU.ActiveCfg = Release|Any CPU
		{032A9D6B-18F1-4E8F-A564-B5BD3D0A3E07}.Release|Any CPU.Build.0 = Release|Any CPU
		{9DA5B455-58CA-4FD5-9A36-B7E8D1428A2E}.Debug|Any CPU.ActiveCfg = Debug|Any CPU
		{9DA5B455-58CA-4FD5-9A36-B7E8D1428A2E}.Debug|Any CPU.Build.0 = Debug|Any CPU
		{9DA5B455-58CA-4FD5-9A36-B7E8D1428A2E}.Release|Any CPU.ActiveCfg = Release|Any CPU
		{9DA5B455-58CA-4FD5-9A36-B7E8D1428A2E}.Release|Any CPU.Build.0 = Release|Any CPU
		{D3CD1B5F-6619-4613-9027-AD3C4F20111A}.Debug|Any CPU.ActiveCfg = Debug|Any CPU
		{D3CD1B5F-6619-4613-9027-AD3C4F20111A}.Debug|Any CPU.Build.0 = Debug|Any CPU
		{D3CD1B5F-6619-4613-9027-AD3C4F20111A}.Release|Any CPU.ActiveCfg = Release|Any CPU
		{D3CD1B5F-6619-4613-9027-AD3C4F20111A}.Release|Any CPU.Build.0 = Release|Any CPU
		{1D645C11-6570-4327-9E60-B6E7D676BA0D}.Debug|Any CPU.ActiveCfg = Debug|Any CPU
		{1D645C11-6570-4327-9E60-B6E7D676BA0D}.Debug|Any CPU.Build.0 = Debug|Any CPU
		{1D645C11-6570-4327-9E60-B6E7D676BA0D}.Release|Any CPU.ActiveCfg = Release|Any CPU
		{1D645C11-6570-4327-9E60-B6E7D676BA0D}.Release|Any CPU.Build.0 = Release|Any CPU
		{43FC012E-5274-4CF4-8689-97B3CE067C11}.Debug|Any CPU.ActiveCfg = Debug|Any CPU
		{43FC012E-5274-4CF4-8689-97B3CE067C11}.Debug|Any CPU.Build.0 = Debug|Any CPU
		{43FC012E-5274-4CF4-8689-97B3CE067C11}.Release|Any CPU.ActiveCfg = Release|Any CPU
		{43FC012E-5274-4CF4-8689-97B3CE067C11}.Release|Any CPU.Build.0 = Release|Any CPU
		{18A265C0-DCF0-4979-A2BE-68AD12852FDA}.Debug|Any CPU.ActiveCfg = Debug|Any CPU
		{18A265C0-DCF0-4979-A2BE-68AD12852FDA}.Debug|Any CPU.Build.0 = Debug|Any CPU
		{18A265C0-DCF0-4979-A2BE-68AD12852FDA}.Release|Any CPU.ActiveCfg = Release|Any CPU
		{18A265C0-DCF0-4979-A2BE-68AD12852FDA}.Release|Any CPU.Build.0 = Release|Any CPU
		{666DA567-17FA-4AEE-B492-AF334DB7FF8F}.Debug|Any CPU.ActiveCfg = Debug|Any CPU
		{666DA567-17FA-4AEE-B492-AF334DB7FF8F}.Debug|Any CPU.Build.0 = Debug|Any CPU
		{666DA567-17FA-4AEE-B492-AF334DB7FF8F}.Release|Any CPU.ActiveCfg = Release|Any CPU
		{666DA567-17FA-4AEE-B492-AF334DB7FF8F}.Release|Any CPU.Build.0 = Release|Any CPU
		{899723CB-0C54-4D8A-8F2C-966D28D511C6}.Debug|Any CPU.ActiveCfg = Debug|Any CPU
		{899723CB-0C54-4D8A-8F2C-966D28D511C6}.Debug|Any CPU.Build.0 = Debug|Any CPU
		{899723CB-0C54-4D8A-8F2C-966D28D511C6}.Release|Any CPU.ActiveCfg = Release|Any CPU
		{899723CB-0C54-4D8A-8F2C-966D28D511C6}.Release|Any CPU.Build.0 = Release|Any CPU
		{4E169F3D-90C8-4889-96AD-9C0D51C5C174}.Debug|Any CPU.ActiveCfg = Debug|Any CPU
		{4E169F3D-90C8-4889-96AD-9C0D51C5C174}.Debug|Any CPU.Build.0 = Debug|Any CPU
		{4E169F3D-90C8-4889-96AD-9C0D51C5C174}.Release|Any CPU.ActiveCfg = Release|Any CPU
		{4E169F3D-90C8-4889-96AD-9C0D51C5C174}.Release|Any CPU.Build.0 = Release|Any CPU
		{355491A6-65FA-4145-BB68-74E0E1576433}.Debug|Any CPU.ActiveCfg = Debug|Any CPU
		{355491A6-65FA-4145-BB68-74E0E1576433}.Debug|Any CPU.Build.0 = Debug|Any CPU
		{355491A6-65FA-4145-BB68-74E0E1576433}.Release|Any CPU.ActiveCfg = Release|Any CPU
		{355491A6-65FA-4145-BB68-74E0E1576433}.Release|Any CPU.Build.0 = Release|Any CPU
		{10A130A3-105F-4DF9-9D74-00D252B5ACC7}.Debug|Any CPU.ActiveCfg = Debug|Any CPU
		{10A130A3-105F-4DF9-9D74-00D252B5ACC7}.Debug|Any CPU.Build.0 = Debug|Any CPU
		{10A130A3-105F-4DF9-9D74-00D252B5ACC7}.Release|Any CPU.ActiveCfg = Release|Any CPU
		{10A130A3-105F-4DF9-9D74-00D252B5ACC7}.Release|Any CPU.Build.0 = Release|Any CPU
		{348FE78C-1051-4D06-B29E-2E1EFF30CC7A}.Debug|Any CPU.ActiveCfg = Debug|Any CPU
		{348FE78C-1051-4D06-B29E-2E1EFF30CC7A}.Debug|Any CPU.Build.0 = Debug|Any CPU
		{348FE78C-1051-4D06-B29E-2E1EFF30CC7A}.Release|Any CPU.ActiveCfg = Release|Any CPU
		{348FE78C-1051-4D06-B29E-2E1EFF30CC7A}.Release|Any CPU.Build.0 = Release|Any CPU
		{F74212F1-1312-415B-9D38-F51C6F340956}.Debug|Any CPU.ActiveCfg = Debug|Any CPU
		{F74212F1-1312-415B-9D38-F51C6F340956}.Debug|Any CPU.Build.0 = Debug|Any CPU
		{F74212F1-1312-415B-9D38-F51C6F340956}.Release|Any CPU.ActiveCfg = Release|Any CPU
		{F74212F1-1312-415B-9D38-F51C6F340956}.Release|Any CPU.Build.0 = Release|Any CPU
		{A6ECA7A6-3B7B-4DF8-BD19-9325236ECCC5}.Debug|Any CPU.ActiveCfg = Debug|Any CPU
		{A6ECA7A6-3B7B-4DF8-BD19-9325236ECCC5}.Debug|Any CPU.Build.0 = Debug|Any CPU
		{A6ECA7A6-3B7B-4DF8-BD19-9325236ECCC5}.Release|Any CPU.ActiveCfg = Release|Any CPU
		{A6ECA7A6-3B7B-4DF8-BD19-9325236ECCC5}.Release|Any CPU.Build.0 = Release|Any CPU
		{35C95A09-A0E0-4533-86C5-538EC3C11B75}.Debug|Any CPU.ActiveCfg = Debug|Any CPU
		{35C95A09-A0E0-4533-86C5-538EC3C11B75}.Debug|Any CPU.Build.0 = Debug|Any CPU
		{35C95A09-A0E0-4533-86C5-538EC3C11B75}.Release|Any CPU.ActiveCfg = Release|Any CPU
		{35C95A09-A0E0-4533-86C5-538EC3C11B75}.Release|Any CPU.Build.0 = Release|Any CPU
	EndGlobalSection
	GlobalSection(SolutionProperties) = preSolution
		HideSolutionNode = FALSE
	EndGlobalSection
	GlobalSection(NestedProjects) = preSolution
		{245B42EE-7F97-4077-9695-84871B70BD6A} = {D59642C7-7142-4663-91D8-9EBB151BF657}
		{ABA09FBA-3F3F-47F7-8AB7-BA12841D56FE} = {D59642C7-7142-4663-91D8-9EBB151BF657}
		{8A816A46-E108-440A-B973-6CF95AB8D9BC} = {2D6CF796-21C8-47BE-9BFD-11DED545825A}
		{032A9D6B-18F1-4E8F-A564-B5BD3D0A3E07} = {D59642C7-7142-4663-91D8-9EBB151BF657}
		{9DA5B455-58CA-4FD5-9A36-B7E8D1428A2E} = {16F1CDA2-EFFD-483F-8958-1412232AF5CF}
		{D3CD1B5F-6619-4613-9027-AD3C4F20111A} = {D59642C7-7142-4663-91D8-9EBB151BF657}
		{1D645C11-6570-4327-9E60-B6E7D676BA0D} = {D59642C7-7142-4663-91D8-9EBB151BF657}
		{43FC012E-5274-4CF4-8689-97B3CE067C11} = {D59642C7-7142-4663-91D8-9EBB151BF657}
		{18A265C0-DCF0-4979-A2BE-68AD12852FDA} = {620033FA-D41F-4832-A542-EFC18996E7EF}
		{666DA567-17FA-4AEE-B492-AF334DB7FF8F} = {620033FA-D41F-4832-A542-EFC18996E7EF}
		{899723CB-0C54-4D8A-8F2C-966D28D511C6} = {2D6CF796-21C8-47BE-9BFD-11DED545825A}
		{4E169F3D-90C8-4889-96AD-9C0D51C5C174} = {2D6CF796-21C8-47BE-9BFD-11DED545825A}
		{355491A6-65FA-4145-BB68-74E0E1576433} = {D59642C7-7142-4663-91D8-9EBB151BF657}
		{10A130A3-105F-4DF9-9D74-00D252B5ACC7} = {C5ACA626-E351-4B28-9E99-161CAC77FE53}
		{348FE78C-1051-4D06-B29E-2E1EFF30CC7A} = {D59642C7-7142-4663-91D8-9EBB151BF657}
		{F74212F1-1312-415B-9D38-F51C6F340956} = {D59642C7-7142-4663-91D8-9EBB151BF657}
		{A6ECA7A6-3B7B-4DF8-BD19-9325236ECCC5} = {620033FA-D41F-4832-A542-EFC18996E7EF}
		{35C95A09-A0E0-4533-86C5-538EC3C11B75} = {A65461C0-455F-4C3E-AF96-15733E73A2A1}
		{2D6CF796-21C8-47BE-9BFD-11DED545825A} = {1DCF0E4F-0FCF-4C92-97F6-62E2953D54D1}
		{A65461C0-455F-4C3E-AF96-15733E73A2A1} = {1DCF0E4F-0FCF-4C92-97F6-62E2953D54D1}
		{C5ACA626-E351-4B28-9E99-161CAC77FE53} = {1DCF0E4F-0FCF-4C92-97F6-62E2953D54D1}
	EndGlobalSection
	GlobalSection(ExtensibilityGlobals) = postSolution
		EnterpriseLibraryConfigurationToolBinariesPathV6 = packages\EnterpriseLibrary.Common.6.0.1304.0\lib\NET45;packages\EnterpriseLibrary.Logging.6.0.1304.0\lib\NET45;packages\EnterpriseLibrary.ExceptionHandling.6.0.1304.0\lib\NET45
	EndGlobalSection
EndGlobal
