
Microsoft Visual Studio Solution File, Format Version 12.00
# Visual Studio 14
VisualStudioVersion = 14.0.25420.1
MinimumVisualStudioVersion = 10.0.40219.1
Project("{FAE04EC0-301F-11D3-BF4B-00C04F79EFBC}") = "Fmo.DataServices", "Fmo.DataServices\Fmo.DataServices.csproj", "{245B42EE-7F97-4077-9695-84871B70BD6A}"
EndProject
Project("{FAE04EC0-301F-11D3-BF4B-00C04F79EFBC}") = "Fmo.BusinessServices", "Fmo.BusinessServices\Fmo.BusinessServices.csproj", "{ABA09FBA-3F3F-47F7-8AB7-BA12841D56FE}"
EndProject
Project("{FAE04EC0-301F-11D3-BF4B-00C04F79EFBC}") = "Fmo.Batch", "Fmo.Batch\Fmo.Batch.csproj", "{8A816A46-E108-440A-B973-6CF95AB8D9BC}"
EndProject
Project("{FAE04EC0-301F-11D3-BF4B-00C04F79EFBC}") = "Fmo.Integration", "Fmo.Integration\Fmo.Integration.csproj", "{032A9D6B-18F1-4E8F-A564-B5BD3D0A3E07}"
EndProject
Project("{8BB2217D-0F2D-49D1-97BC-3654ED321F3B}") = "Fmo.Web.UI", "Fmo.UI\Fmo.Web.UI.xproj", "{9DA5B455-58CA-4FD5-9A36-B7E8D1428A2E}"
EndProject
Project("{8BB2217D-0F2D-49D1-97BC-3654ED321F3B}") = "Fmo.Web.API.Services", "Fmo.API.Services\Fmo.Web.API.Services.xproj", "{D3CD1B5F-6619-4613-9027-AD3C4F20111A}"
EndProject
Project("{FAE04EC0-301F-11D3-BF4B-00C04F79EFBC}") = "Fmo.Common", "Fmo.Common\Fmo.Common.csproj", "{1D645C11-6570-4327-9E60-B6E7D676BA0D}"
EndProject
Project("{FAE04EC0-301F-11D3-BF4B-00C04F79EFBC}") = "Fmo.DTO", "Fmo.DTO\Fmo.DTO.csproj", "{43FC012E-5274-4CF4-8689-97B3CE067C11}"
EndProject
Project("{2150E333-8FDC-42A3-9474-1A3956D46DE8}") = "Modules", "Modules", "{D59642C7-7142-4663-91D8-9EBB151BF657}"
EndProject
Project("{2150E333-8FDC-42A3-9474-1A3956D46DE8}") = "Tests", "Tests", "{620033FA-D41F-4832-A542-EFC18996E7EF}"
EndProject
Project("{FAE04EC0-301F-11D3-BF4B-00C04F79EFBC}") = "Fmo.BusinessServices.Tests", "Tests\Fmo.BusinessServices.Tests\Fmo.BusinessServices.Tests.csproj", "{18A265C0-DCF0-4979-A2BE-68AD12852FDA}"
EndProject
Project("{FAE04EC0-301F-11D3-BF4B-00C04F79EFBC}") = "Fmo.DataServices.Tests", "Tests\Fmo.DataServices.Tests\Fmo.DataServices.Tests.csproj", "{666DA567-17FA-4AEE-B492-AF334DB7FF8F}"
EndProject
Project("{FAE04EC0-301F-11D3-BF4B-00C04F79EFBC}") = "FMO.Batch.FileLoader", "FMO.Batch.FileLoader\FMO.Batch.FileLoader.csproj", "{899723CB-0C54-4D8A-8F2C-966D28D511C6}"
EndProject
Project("{FAE04EC0-301F-11D3-BF4B-00C04F79EFBC}") = "Fmo.NYBLoader", "Fmo.NYBLoader\Fmo.NYBLoader.csproj", "{4E169F3D-90C8-4889-96AD-9C0D51C5C174}"
EndProject
Global
	GlobalSection(SolutionConfigurationPlatforms) = preSolution
		Debug|Any CPU = Debug|Any CPU
		Release|Any CPU = Release|Any CPU
	EndGlobalSection
	GlobalSection(ProjectConfigurationPlatforms) = postSolution
		{245B42EE-7F97-4077-9695-84871B70BD6A}.Debug|Any CPU.ActiveCfg = Debug|Any CPU
		{245B42EE-7F97-4077-9695-84871B70BD6A}.Debug|Any CPU.Build.0 = Debug|Any CPU
		{245B42EE-7F97-4077-9695-84871B70BD6A}.Release|Any CPU.ActiveCfg = Release|Any CPU
		{245B42EE-7F97-4077-9695-84871B70BD6A}.Release|Any CPU.Build.0 = Release|Any CPU
		{ABA09FBA-3F3F-47F7-8AB7-BA12841D56FE}.Debug|Any CPU.ActiveCfg = Debug|Any CPU
		{ABA09FBA-3F3F-47F7-8AB7-BA12841D56FE}.Debug|Any CPU.Build.0 = Debug|Any CPU
		{ABA09FBA-3F3F-47F7-8AB7-BA12841D56FE}.Release|Any CPU.ActiveCfg = Release|Any CPU
		{ABA09FBA-3F3F-47F7-8AB7-BA12841D56FE}.Release|Any CPU.Build.0 = Release|Any CPU
		{8A816A46-E108-440A-B973-6CF95AB8D9BC}.Debug|Any CPU.ActiveCfg = Debug|Any CPU
		{8A816A46-E108-440A-B973-6CF95AB8D9BC}.Debug|Any CPU.Build.0 = Debug|Any CPU
		{8A816A46-E108-440A-B973-6CF95AB8D9BC}.Release|Any CPU.ActiveCfg = Release|Any CPU
		{8A816A46-E108-440A-B973-6CF95AB8D9BC}.Release|Any CPU.Build.0 = Release|Any CPU
		{032A9D6B-18F1-4E8F-A564-B5BD3D0A3E07}.Debug|Any CPU.ActiveCfg = Debug|Any CPU
		{032A9D6B-18F1-4E8F-A564-B5BD3D0A3E07}.Debug|Any CPU.Build.0 = Debug|Any CPU
		{032A9D6B-18F1-4E8F-A564-B5BD3D0A3E07}.Release|Any CPU.ActiveCfg = Release|Any CPU
		{032A9D6B-18F1-4E8F-A564-B5BD3D0A3E07}.Release|Any CPU.Build.0 = Release|Any CPU
		{9DA5B455-58CA-4FD5-9A36-B7E8D1428A2E}.Debug|Any CPU.ActiveCfg = Debug|Any CPU
		{9DA5B455-58CA-4FD5-9A36-B7E8D1428A2E}.Debug|Any CPU.Build.0 = Debug|Any CPU
		{9DA5B455-58CA-4FD5-9A36-B7E8D1428A2E}.Release|Any CPU.ActiveCfg = Release|Any CPU
		{9DA5B455-58CA-4FD5-9A36-B7E8D1428A2E}.Release|Any CPU.Build.0 = Release|Any CPU
		{D3CD1B5F-6619-4613-9027-AD3C4F20111A}.Debug|Any CPU.ActiveCfg = Debug|Any CPU
		{D3CD1B5F-6619-4613-9027-AD3C4F20111A}.Debug|Any CPU.Build.0 = Debug|Any CPU
		{D3CD1B5F-6619-4613-9027-AD3C4F20111A}.Release|Any CPU.ActiveCfg = Release|Any CPU
		{D3CD1B5F-6619-4613-9027-AD3C4F20111A}.Release|Any CPU.Build.0 = Release|Any CPU
		{1D645C11-6570-4327-9E60-B6E7D676BA0D}.Debug|Any CPU.ActiveCfg = Debug|Any CPU
		{1D645C11-6570-4327-9E60-B6E7D676BA0D}.Debug|Any CPU.Build.0 = Debug|Any CPU
		{1D645C11-6570-4327-9E60-B6E7D676BA0D}.Release|Any CPU.ActiveCfg = Release|Any CPU
		{1D645C11-6570-4327-9E60-B6E7D676BA0D}.Release|Any CPU.Build.0 = Release|Any CPU
		{43FC012E-5274-4CF4-8689-97B3CE067C11}.Debug|Any CPU.ActiveCfg = Debug|Any CPU
		{43FC012E-5274-4CF4-8689-97B3CE067C11}.Debug|Any CPU.Build.0 = Debug|Any CPU
		{43FC012E-5274-4CF4-8689-97B3CE067C11}.Release|Any CPU.ActiveCfg = Release|Any CPU
		{43FC012E-5274-4CF4-8689-97B3CE067C11}.Release|Any CPU.Build.0 = Release|Any CPU
		{18A265C0-DCF0-4979-A2BE-68AD12852FDA}.Debug|Any CPU.ActiveCfg = Debug|Any CPU
		{18A265C0-DCF0-4979-A2BE-68AD12852FDA}.Debug|Any CPU.Build.0 = Debug|Any CPU
		{18A265C0-DCF0-4979-A2BE-68AD12852FDA}.Release|Any CPU.ActiveCfg = Release|Any CPU
		{18A265C0-DCF0-4979-A2BE-68AD12852FDA}.Release|Any CPU.Build.0 = Release|Any CPU
		{666DA567-17FA-4AEE-B492-AF334DB7FF8F}.Debug|Any CPU.ActiveCfg = Debug|Any CPU
		{666DA567-17FA-4AEE-B492-AF334DB7FF8F}.Debug|Any CPU.Build.0 = Debug|Any CPU
		{666DA567-17FA-4AEE-B492-AF334DB7FF8F}.Release|Any CPU.ActiveCfg = Release|Any CPU
		{666DA567-17FA-4AEE-B492-AF334DB7FF8F}.Release|Any CPU.Build.0 = Release|Any CPU
		{899723CB-0C54-4D8A-8F2C-966D28D511C6}.Debug|Any CPU.ActiveCfg = Debug|Any CPU
		{899723CB-0C54-4D8A-8F2C-966D28D511C6}.Debug|Any CPU.Build.0 = Debug|Any CPU
		{899723CB-0C54-4D8A-8F2C-966D28D511C6}.Release|Any CPU.ActiveCfg = Release|Any CPU
		{899723CB-0C54-4D8A-8F2C-966D28D511C6}.Release|Any CPU.Build.0 = Release|Any CPU
		{4E169F3D-90C8-4889-96AD-9C0D51C5C174}.Debug|Any CPU.ActiveCfg = Debug|Any CPU
		{4E169F3D-90C8-4889-96AD-9C0D51C5C174}.Debug|Any CPU.Build.0 = Debug|Any CPU
		{4E169F3D-90C8-4889-96AD-9C0D51C5C174}.Release|Any CPU.ActiveCfg = Release|Any CPU
		{4E169F3D-90C8-4889-96AD-9C0D51C5C174}.Release|Any CPU.Build.0 = Release|Any CPU
	EndGlobalSection
	GlobalSection(SolutionProperties) = preSolution
		HideSolutionNode = FALSE
	EndGlobalSection
	GlobalSection(NestedProjects) = preSolution
		{245B42EE-7F97-4077-9695-84871B70BD6A} = {D59642C7-7142-4663-91D8-9EBB151BF657}
		{ABA09FBA-3F3F-47F7-8AB7-BA12841D56FE} = {D59642C7-7142-4663-91D8-9EBB151BF657}
		{8A816A46-E108-440A-B973-6CF95AB8D9BC} = {D59642C7-7142-4663-91D8-9EBB151BF657}
		{032A9D6B-18F1-4E8F-A564-B5BD3D0A3E07} = {D59642C7-7142-4663-91D8-9EBB151BF657}
		{9DA5B455-58CA-4FD5-9A36-B7E8D1428A2E} = {D59642C7-7142-4663-91D8-9EBB151BF657}
		{D3CD1B5F-6619-4613-9027-AD3C4F20111A} = {D59642C7-7142-4663-91D8-9EBB151BF657}
		{1D645C11-6570-4327-9E60-B6E7D676BA0D} = {D59642C7-7142-4663-91D8-9EBB151BF657}
		{43FC012E-5274-4CF4-8689-97B3CE067C11} = {D59642C7-7142-4663-91D8-9EBB151BF657}
		{18A265C0-DCF0-4979-A2BE-68AD12852FDA} = {620033FA-D41F-4832-A542-EFC18996E7EF}
		{666DA567-17FA-4AEE-B492-AF334DB7FF8F} = {620033FA-D41F-4832-A542-EFC18996E7EF}
		{899723CB-0C54-4D8A-8F2C-966D28D511C6} = {D59642C7-7142-4663-91D8-9EBB151BF657}
		{4E169F3D-90C8-4889-96AD-9C0D51C5C174} = {D59642C7-7142-4663-91D8-9EBB151BF657}
	EndGlobalSection
EndGlobal
